PODS:
  - JSQMessagesViewController (7.2.0):
    - JSQSystemSoundPlayer (~> 2.0.1)
  - JSQSystemSoundPlayer (2.0.1)
  - libsodium (1.0.3)
  - Unirest (1.1.4)

DEPENDENCIES:
  - JSQMessagesViewController
  - libsodium
  - Unirest

SPEC CHECKSUMS:
  JSQMessagesViewController: 73cab48aa92fc2d512f3b6724f3425cc47a19eb5
  JSQSystemSoundPlayer: c5850e77a4363ffd374cd851154b9af93264ed8d
  libsodium: be547e31dc75725629acc5717dc0a40fc05ef243
  Unirest: 5e4d93eaf32463bf619a4ecd3bbc8c32acf21eac

PODFILE CHECKSUM: 54b48aeea784dc0cd0214054c2b3b1edb867e0ac

COCOAPODS: 1.1.0.beta.1
