// !$*UTF8*$!
{
	archiveVersion = 1;
	classes = {
	};
	objectVersion = 46;
	objects = {

/* Begin PBXBuildFile section */
		47248E6E1C5EC38100C63B62 /* RhizomeBundle.m in Sources */ = {isa = PBXBuildFile; fileRef = 47248E6D1C5EC38100C63B62 /* RhizomeBundle.m */; };
		472C97381C22AD6600688796 /* RhizomeFilesTableViewController.m in Sources */ = {isa = PBXBuildFile; fileRef = 472C97371C22AD6600688796 /* RhizomeFilesTableViewController.m */; };
		472C973C1C22B67900688796 /* ServalManager.m in Sources */ = {isa = PBXBuildFile; fileRef = 472C973B1C22B67900688796 /* ServalManager.m */; };
		4783A81E1C00E03800C6039D /* main.m in Sources */ = {isa = PBXBuildFile; fileRef = 47E1FCC61BFD2B7700463F7F /* main.m */; };
		4783A81F1C00E0B100C6039D /* AppDelegate.m in Sources */ = {isa = PBXBuildFile; fileRef = 47E1FCC91BFD2B7700463F7F /* AppDelegate.m */; };
		4783A8201C00E0B200C6039D /* ViewController.m in Sources */ = {isa = PBXBuildFile; fileRef = 47E1FCCC1BFD2B7700463F7F /* ViewController.m */; };
		4783A8251C00E50700C6039D /* serval.conf in Resources */ = {isa = PBXBuildFile; fileRef = 4783A8231C00E42900C6039D /* serval.conf */; };
		478EEBF71C653F320062E08E /* libserval.a in Frameworks */ = {isa = PBXBuildFile; fileRef = 478EEBF61C653F320062E08E /* libserval.a */; };
		479084D91C5460A7002DF295 /* RhizomeFileDetailViewController.m in Sources */ = {isa = PBXBuildFile; fileRef = 479084D81C5460A7002DF295 /* RhizomeFileDetailViewController.m */; };
		479084DC1C546B89002DF295 /* ServalStatusViewController.m in Sources */ = {isa = PBXBuildFile; fileRef = 479084DB1C546B89002DF295 /* ServalStatusViewController.m */; };
		479084DF1C547291002DF295 /* folder.png in Resources */ = {isa = PBXBuildFile; fileRef = 479084DE1C547291002DF295 /* folder.png */; };
		479084E11C5472CC002DF295 /* edit.png in Resources */ = {isa = PBXBuildFile; fileRef = 479084E01C5472CC002DF295 /* edit.png */; };
		47BE32471C6108C40021C6AD /* Log.png in Resources */ = {isa = PBXBuildFile; fileRef = 47BE323D1C6108C40021C6AD /* Log.png */; };
		47BE32481C6108C40021C6AD /* Log@2x.png in Resources */ = {isa = PBXBuildFile; fileRef = 47BE323E1C6108C40021C6AD /* Log@2x.png */; };
		47BE32491C6108C40021C6AD /* MeshMS.png in Resources */ = {isa = PBXBuildFile; fileRef = 47BE323F1C6108C40021C6AD /* MeshMS.png */; };
		47BE324A1C6108C40021C6AD /* MeshMS@2x.png in Resources */ = {isa = PBXBuildFile; fileRef = 47BE32401C6108C40021C6AD /* MeshMS@2x.png */; };
		47BE324B1C6108C40021C6AD /* MeshMS2.png in Resources */ = {isa = PBXBuildFile; fileRef = 47BE32411C6108C40021C6AD /* MeshMS2.png */; };
		47BE324C1C6108C40021C6AD /* MeshMS2@2x.png in Resources */ = {isa = PBXBuildFile; fileRef = 47BE32421C6108C40021C6AD /* MeshMS2@2x.png */; };
		47BE324D1C6108C40021C6AD /* RhizomeFiles.png in Resources */ = {isa = PBXBuildFile; fileRef = 47BE32431C6108C40021C6AD /* RhizomeFiles.png */; };
		47BE324E1C6108C40021C6AD /* RhizomeFiles@2x.png in Resources */ = {isa = PBXBuildFile; fileRef = 47BE32441C6108C40021C6AD /* RhizomeFiles@2x.png */; };
		47BE324F1C6108C40021C6AD /* Status.png in Resources */ = {isa = PBXBuildFile; fileRef = 47BE32451C6108C40021C6AD /* Status.png */; };
		47BE32501C6108C40021C6AD /* Status@2x.png in Resources */ = {isa = PBXBuildFile; fileRef = 47BE32461C6108C40021C6AD /* Status@2x.png */; };
		47C543861C554C2D00B37EA8 /* KeyValueTableViewController.m in Sources */ = {isa = PBXBuildFile; fileRef = 47C543851C554C2D00B37EA8 /* KeyValueTableViewController.m */; };
		47C543931C55639700B37EA8 /* UITabBarMostViewed@2x.png in Resources */ = {isa = PBXBuildFile; fileRef = 47C5438D1C55639700B37EA8 /* UITabBarMostViewed@2x.png */; };
		47C543941C55639700B37EA8 /* UITabBarMore@2x.png in Resources */ = {isa = PBXBuildFile; fileRef = 47C5438E1C55639700B37EA8 /* UITabBarMore@2x.png */; };
		47C543951C55639700B37EA8 /* UITabBarBookmarks@2x.png in Resources */ = {isa = PBXBuildFile; fileRef = 47C5438F1C55639700B37EA8 /* UITabBarBookmarks@2x.png */; };
		47C543961C55639700B37EA8 /* UITabBarMostViewed.png in Resources */ = {isa = PBXBuildFile; fileRef = 47C543901C55639700B37EA8 /* UITabBarMostViewed.png */; };
		47C543971C55639700B37EA8 /* UITabBarMore.png in Resources */ = {isa = PBXBuildFile; fileRef = 47C543911C55639700B37EA8 /* UITabBarMore.png */; };
		47C543981C55639700B37EA8 /* UITabBarBookmarks.png in Resources */ = {isa = PBXBuildFile; fileRef = 47C543921C55639700B37EA8 /* UITabBarBookmarks.png */; };
		47E1FCD01BFD2B7700463F7F /* Main.storyboard in Resources */ = {isa = PBXBuildFile; fileRef = 47E1FCCE1BFD2B7700463F7F /* Main.storyboard */; };
		47E1FCD21BFD2B7700463F7F /* Assets.xcassets in Resources */ = {isa = PBXBuildFile; fileRef = 47E1FCD11BFD2B7700463F7F /* Assets.xcassets */; };
		47E1FCD51BFD2B7700463F7F /* LaunchScreen.storyboard in Resources */ = {isa = PBXBuildFile; fileRef = 47E1FCD31BFD2B7700463F7F /* LaunchScreen.storyboard */; };
		47E6ABAD1C53C8BB002FB36A /* LogViewController.m in Sources */ = {isa = PBXBuildFile; fileRef = 47E6ABAC1C53C8BB002FB36A /* LogViewController.m */; };
		47F491101C5FB80800E73710 /* ServalManager+RestfulRhizome.m in Sources */ = {isa = PBXBuildFile; fileRef = 47F4910F1C5FB80800E73710 /* ServalManager+RestfulRhizome.m */; };
		47F491131C5FB96400E73710 /* ServalManager+Restful.m in Sources */ = {isa = PBXBuildFile; fileRef = 47F491121C5FB96400E73710 /* ServalManager+Restful.m */; };
		47F491161C5FBA7400E73710 /* ServalIdentity.m in Sources */ = {isa = PBXBuildFile; fileRef = 47F491151C5FBA7400E73710 /* ServalIdentity.m */; };
		47F4911C1C5FCA6300E73710 /* ServalManager+RestfulMeshMS.m in Sources */ = {isa = PBXBuildFile; fileRef = 47F4911B1C5FCA6300E73710 /* ServalManager+RestfulMeshMS.m */; };
		47F4911F1C5FCB7C00E73710 /* MeshMSConversation.m in Sources */ = {isa = PBXBuildFile; fileRef = 47F4911E1C5FCB7C00E73710 /* MeshMSConversation.m */; };
		47F491221C5FCB8E00E73710 /* MeshMSMessage.m in Sources */ = {isa = PBXBuildFile; fileRef = 47F491211C5FCB8E00E73710 /* MeshMSMessage.m */; };
		47F491251C5FF20200E73710 /* MeshConversationViewController.m in Sources */ = {isa = PBXBuildFile; fileRef = 47F491241C5FF20200E73710 /* MeshConversationViewController.m */; };
		47FFC7391C5EAF6F005002CF /* MeshMSTableViewController.m in Sources */ = {isa = PBXBuildFile; fileRef = 47FFC7381C5EAF6F005002CF /* MeshMSTableViewController.m */; };
		8FD58DE311E826D104295247 /* libPods-serval-ios.a in Frameworks */ = {isa = PBXBuildFile; fileRef = 66867DE16898E8A37F8D1863 /* libPods-serval-ios.a */; };
/* End PBXBuildFile section */

/* Begin PBXFileReference section */
		0E1959F660025C2E534B4944 /* Pods-serval-ios.debug.xcconfig */ = {isa = PBXFileReference; includeInIndex = 1; lastKnownFileType = text.xcconfig; name = "Pods-serval-ios.debug.xcconfig"; path = "Pods/Target Support Files/Pods-serval-ios/Pods-serval-ios.debug.xcconfig"; sourceTree = "<group>"; };
		47248E6C1C5EC38100C63B62 /* RhizomeBundle.h */ = {isa = PBXFileReference; fileEncoding = 4; lastKnownFileType = sourcecode.c.h; path = RhizomeBundle.h; sourceTree = "<group>"; };
		47248E6D1C5EC38100C63B62 /* RhizomeBundle.m */ = {isa = PBXFileReference; fileEncoding = 4; lastKnownFileType = sourcecode.c.objc; path = RhizomeBundle.m; sourceTree = "<group>"; };
		472C97361C22AD6600688796 /* RhizomeFilesTableViewController.h */ = {isa = PBXFileReference; fileEncoding = 4; lastKnownFileType = sourcecode.c.h; path = RhizomeFilesTableViewController.h; sourceTree = "<group>"; };
		472C97371C22AD6600688796 /* RhizomeFilesTableViewController.m */ = {isa = PBXFileReference; fileEncoding = 4; lastKnownFileType = sourcecode.c.objc; path = RhizomeFilesTableViewController.m; sourceTree = "<group>"; };
		472C973A1C22B67900688796 /* ServalManager.h */ = {isa = PBXFileReference; fileEncoding = 4; lastKnownFileType = sourcecode.c.h; path = ServalManager.h; sourceTree = "<group>"; };
		472C973B1C22B67900688796 /* ServalManager.m */ = {isa = PBXFileReference; fileEncoding = 4; lastKnownFileType = sourcecode.c.objc; path = ServalManager.m; sourceTree = "<group>"; };
		4783A8231C00E42900C6039D /* serval.conf */ = {isa = PBXFileReference; fileEncoding = 4; lastKnownFileType = text; name = serval.conf; path = ../serval.conf; sourceTree = "<group>"; };
		478EEBF61C653F320062E08E /* libserval.a */ = {isa = PBXFileReference; lastKnownFileType = archive.ar; name = libserval.a; path = "serval-dna/xcode/build/Debug-iphoneos/libserval.a"; sourceTree = "<group>"; };
		478EEC2D1C65494F0062E08E /* PrefixHeader.pch */ = {isa = PBXFileReference; lastKnownFileType = sourcecode.c.h; path = PrefixHeader.pch; sourceTree = SOURCE_ROOT; };
		479084D71C5460A7002DF295 /* RhizomeFileDetailViewController.h */ = {isa = PBXFileReference; fileEncoding = 4; lastKnownFileType = sourcecode.c.h; path = RhizomeFileDetailViewController.h; sourceTree = "<group>"; };
		479084D81C5460A7002DF295 /* RhizomeFileDetailViewController.m */ = {isa = PBXFileReference; fileEncoding = 4; lastKnownFileType = sourcecode.c.objc; path = RhizomeFileDetailViewController.m; sourceTree = "<group>"; };
		479084DA1C546B89002DF295 /* ServalStatusViewController.h */ = {isa = PBXFileReference; fileEncoding = 4; lastKnownFileType = sourcecode.c.h; path = ServalStatusViewController.h; sourceTree = "<group>"; };
		479084DB1C546B89002DF295 /* ServalStatusViewController.m */ = {isa = PBXFileReference; fileEncoding = 4; lastKnownFileType = sourcecode.c.objc; path = ServalStatusViewController.m; sourceTree = "<group>"; };
		479084DE1C547291002DF295 /* folder.png */ = {isa = PBXFileReference; lastKnownFileType = image.png; path = folder.png; sourceTree = "<group>"; };
		479084E01C5472CC002DF295 /* edit.png */ = {isa = PBXFileReference; lastKnownFileType = image.png; path = edit.png; sourceTree = "<group>"; };
		47BE323D1C6108C40021C6AD /* Log.png */ = {isa = PBXFileReference; lastKnownFileType = image.png; path = Log.png; sourceTree = "<group>"; };
		47BE323E1C6108C40021C6AD /* Log@2x.png */ = {isa = PBXFileReference; lastKnownFileType = image.png; path = "Log@2x.png"; sourceTree = "<group>"; };
		47BE323F1C6108C40021C6AD /* MeshMS.png */ = {isa = PBXFileReference; lastKnownFileType = image.png; path = MeshMS.png; sourceTree = "<group>"; };
		47BE32401C6108C40021C6AD /* MeshMS@2x.png */ = {isa = PBXFileReference; lastKnownFileType = image.png; path = "MeshMS@2x.png"; sourceTree = "<group>"; };
		47BE32411C6108C40021C6AD /* MeshMS2.png */ = {isa = PBXFileReference; lastKnownFileType = image.png; path = MeshMS2.png; sourceTree = "<group>"; };
		47BE32421C6108C40021C6AD /* MeshMS2@2x.png */ = {isa = PBXFileReference; lastKnownFileType = image.png; path = "MeshMS2@2x.png"; sourceTree = "<group>"; };
		47BE32431C6108C40021C6AD /* RhizomeFiles.png */ = {isa = PBXFileReference; lastKnownFileType = image.png; path = RhizomeFiles.png; sourceTree = "<group>"; };
		47BE32441C6108C40021C6AD /* RhizomeFiles@2x.png */ = {isa = PBXFileReference; lastKnownFileType = image.png; path = "RhizomeFiles@2x.png"; sourceTree = "<group>"; };
		47BE32451C6108C40021C6AD /* Status.png */ = {isa = PBXFileReference; lastKnownFileType = image.png; path = Status.png; sourceTree = "<group>"; };
		47BE32461C6108C40021C6AD /* Status@2x.png */ = {isa = PBXFileReference; lastKnownFileType = image.png; path = "Status@2x.png"; sourceTree = "<group>"; };
		47C543841C554C2D00B37EA8 /* KeyValueTableViewController.h */ = {isa = PBXFileReference; fileEncoding = 4; lastKnownFileType = sourcecode.c.h; path = KeyValueTableViewController.h; sourceTree = "<group>"; };
		47C543851C554C2D00B37EA8 /* KeyValueTableViewController.m */ = {isa = PBXFileReference; fileEncoding = 4; lastKnownFileType = sourcecode.c.objc; path = KeyValueTableViewController.m; sourceTree = "<group>"; };
		47C5438D1C55639700B37EA8 /* UITabBarMostViewed@2x.png */ = {isa = PBXFileReference; lastKnownFileType = image.png; path = "UITabBarMostViewed@2x.png"; sourceTree = "<group>"; };
		47C5438E1C55639700B37EA8 /* UITabBarMore@2x.png */ = {isa = PBXFileReference; lastKnownFileType = image.png; path = "UITabBarMore@2x.png"; sourceTree = "<group>"; };
		47C5438F1C55639700B37EA8 /* UITabBarBookmarks@2x.png */ = {isa = PBXFileReference; lastKnownFileType = image.png; path = "UITabBarBookmarks@2x.png"; sourceTree = "<group>"; };
		47C543901C55639700B37EA8 /* UITabBarMostViewed.png */ = {isa = PBXFileReference; lastKnownFileType = image.png; path = UITabBarMostViewed.png; sourceTree = "<group>"; };
		47C543911C55639700B37EA8 /* UITabBarMore.png */ = {isa = PBXFileReference; lastKnownFileType = image.png; path = UITabBarMore.png; sourceTree = "<group>"; };
		47C543921C55639700B37EA8 /* UITabBarBookmarks.png */ = {isa = PBXFileReference; lastKnownFileType = image.png; path = UITabBarBookmarks.png; sourceTree = "<group>"; };
		47E1FCC21BFD2B7700463F7F /* serval-ios.app */ = {isa = PBXFileReference; explicitFileType = wrapper.application; includeInIndex = 0; path = "serval-ios.app"; sourceTree = BUILT_PRODUCTS_DIR; };
		47E1FCC61BFD2B7700463F7F /* main.m */ = {isa = PBXFileReference; lastKnownFileType = sourcecode.c.objc; path = main.m; sourceTree = "<group>"; };
		47E1FCC81BFD2B7700463F7F /* AppDelegate.h */ = {isa = PBXFileReference; lastKnownFileType = sourcecode.c.h; path = AppDelegate.h; sourceTree = "<group>"; };
		47E1FCC91BFD2B7700463F7F /* AppDelegate.m */ = {isa = PBXFileReference; lastKnownFileType = sourcecode.c.objc; path = AppDelegate.m; sourceTree = "<group>"; };
		47E1FCCB1BFD2B7700463F7F /* ViewController.h */ = {isa = PBXFileReference; lastKnownFileType = sourcecode.c.h; path = ViewController.h; sourceTree = "<group>"; };
		47E1FCCC1BFD2B7700463F7F /* ViewController.m */ = {isa = PBXFileReference; lastKnownFileType = sourcecode.c.objc; path = ViewController.m; sourceTree = "<group>"; };
		47E1FCCF1BFD2B7700463F7F /* Base */ = {isa = PBXFileReference; lastKnownFileType = file.storyboard; name = Base; path = Base.lproj/Main.storyboard; sourceTree = "<group>"; };
		47E1FCD11BFD2B7700463F7F /* Assets.xcassets */ = {isa = PBXFileReference; lastKnownFileType = folder.assetcatalog; path = Assets.xcassets; sourceTree = "<group>"; };
		47E1FCD41BFD2B7700463F7F /* Base */ = {isa = PBXFileReference; lastKnownFileType = file.storyboard; name = Base; path = Base.lproj/LaunchScreen.storyboard; sourceTree = "<group>"; };
		47E1FCD61BFD2B7700463F7F /* Info.plist */ = {isa = PBXFileReference; lastKnownFileType = text.plist.xml; path = Info.plist; sourceTree = "<group>"; };
		47E6ABAB1C53C8BB002FB36A /* LogViewController.h */ = {isa = PBXFileReference; fileEncoding = 4; lastKnownFileType = sourcecode.c.h; path = LogViewController.h; sourceTree = "<group>"; };
		47E6ABAC1C53C8BB002FB36A /* LogViewController.m */ = {isa = PBXFileReference; fileEncoding = 4; lastKnownFileType = sourcecode.c.objc; path = LogViewController.m; sourceTree = "<group>"; };
		47F4910E1C5FB80800E73710 /* ServalManager+RestfulRhizome.h */ = {isa = PBXFileReference; fileEncoding = 4; lastKnownFileType = sourcecode.c.h; path = "ServalManager+RestfulRhizome.h"; sourceTree = "<group>"; };
		47F4910F1C5FB80800E73710 /* ServalManager+RestfulRhizome.m */ = {isa = PBXFileReference; fileEncoding = 4; lastKnownFileType = sourcecode.c.objc; path = "ServalManager+RestfulRhizome.m"; sourceTree = "<group>"; };
		47F491111C5FB96400E73710 /* ServalManager+Restful.h */ = {isa = PBXFileReference; fileEncoding = 4; lastKnownFileType = sourcecode.c.h; path = "ServalManager+Restful.h"; sourceTree = "<group>"; };
		47F491121C5FB96400E73710 /* ServalManager+Restful.m */ = {isa = PBXFileReference; fileEncoding = 4; lastKnownFileType = sourcecode.c.objc; path = "ServalManager+Restful.m"; sourceTree = "<group>"; };
		47F491141C5FBA7400E73710 /* ServalIdentity.h */ = {isa = PBXFileReference; fileEncoding = 4; lastKnownFileType = sourcecode.c.h; path = ServalIdentity.h; sourceTree = "<group>"; };
		47F491151C5FBA7400E73710 /* ServalIdentity.m */ = {isa = PBXFileReference; fileEncoding = 4; lastKnownFileType = sourcecode.c.objc; path = ServalIdentity.m; sourceTree = "<group>"; };
		47F4911A1C5FCA6300E73710 /* ServalManager+RestfulMeshMS.h */ = {isa = PBXFileReference; fileEncoding = 4; lastKnownFileType = sourcecode.c.h; path = "ServalManager+RestfulMeshMS.h"; sourceTree = "<group>"; };
		47F4911B1C5FCA6300E73710 /* ServalManager+RestfulMeshMS.m */ = {isa = PBXFileReference; fileEncoding = 4; lastKnownFileType = sourcecode.c.objc; path = "ServalManager+RestfulMeshMS.m"; sourceTree = "<group>"; };
		47F4911D1C5FCB7C00E73710 /* MeshMSConversation.h */ = {isa = PBXFileReference; fileEncoding = 4; lastKnownFileType = sourcecode.c.h; path = MeshMSConversation.h; sourceTree = "<group>"; };
		47F4911E1C5FCB7C00E73710 /* MeshMSConversation.m */ = {isa = PBXFileReference; fileEncoding = 4; lastKnownFileType = sourcecode.c.objc; path = MeshMSConversation.m; sourceTree = "<group>"; };
		47F491201C5FCB8E00E73710 /* MeshMSMessage.h */ = {isa = PBXFileReference; fileEncoding = 4; lastKnownFileType = sourcecode.c.h; path = MeshMSMessage.h; sourceTree = "<group>"; };
		47F491211C5FCB8E00E73710 /* MeshMSMessage.m */ = {isa = PBXFileReference; fileEncoding = 4; lastKnownFileType = sourcecode.c.objc; path = MeshMSMessage.m; sourceTree = "<group>"; };
		47F491231C5FF20200E73710 /* MeshConversationViewController.h */ = {isa = PBXFileReference; fileEncoding = 4; lastKnownFileType = sourcecode.c.h; path = MeshConversationViewController.h; sourceTree = "<group>"; };
		47F491241C5FF20200E73710 /* MeshConversationViewController.m */ = {isa = PBXFileReference; fileEncoding = 4; lastKnownFileType = sourcecode.c.objc; path = MeshConversationViewController.m; sourceTree = "<group>"; };
		47FFC7371C5EAF6F005002CF /* MeshMSTableViewController.h */ = {isa = PBXFileReference; fileEncoding = 4; lastKnownFileType = sourcecode.c.h; path = MeshMSTableViewController.h; sourceTree = "<group>"; };
		47FFC7381C5EAF6F005002CF /* MeshMSTableViewController.m */ = {isa = PBXFileReference; fileEncoding = 4; lastKnownFileType = sourcecode.c.objc; path = MeshMSTableViewController.m; sourceTree = "<group>"; };
		5E7EF6DF57D24F5282ACC7ED /* Pods-serval-ios.release.xcconfig */ = {isa = PBXFileReference; includeInIndex = 1; lastKnownFileType = text.xcconfig; name = "Pods-serval-ios.release.xcconfig"; path = "Pods/Target Support Files/Pods-serval-ios/Pods-serval-ios.release.xcconfig"; sourceTree = "<group>"; };
		66867DE16898E8A37F8D1863 /* libPods-serval-ios.a */ = {isa = PBXFileReference; explicitFileType = archive.ar; includeInIndex = 0; path = "libPods-serval-ios.a"; sourceTree = BUILT_PRODUCTS_DIR; };
/* End PBXFileReference section */

/* Begin PBXFrameworksBuildPhase section */
		47E1FCBF1BFD2B7700463F7F /* Frameworks */ = {
			isa = PBXFrameworksBuildPhase;
			buildActionMask = 2147483647;
			files = (
				478EEBF71C653F320062E08E /* libserval.a in Frameworks */,
				8FD58DE311E826D104295247 /* libPods-serval-ios.a in Frameworks */,
			);
			runOnlyForDeploymentPostprocessing = 0;
		};
/* End PBXFrameworksBuildPhase section */

/* Begin PBXGroup section */
		47248E6F1C5EC38800C63B62 /* Model */ = {
			isa = PBXGroup;
			children = (
				47248E6C1C5EC38100C63B62 /* RhizomeBundle.h */,
				47248E6D1C5EC38100C63B62 /* RhizomeBundle.m */,
				47F491141C5FBA7400E73710 /* ServalIdentity.h */,
				47F491151C5FBA7400E73710 /* ServalIdentity.m */,
				47F4911D1C5FCB7C00E73710 /* MeshMSConversation.h */,
				47F4911E1C5FCB7C00E73710 /* MeshMSConversation.m */,
				47F491201C5FCB8E00E73710 /* MeshMSMessage.h */,
				47F491211C5FCB8E00E73710 /* MeshMSMessage.m */,
			);
			name = Model;
			sourceTree = "<group>";
		};
		472C97391C22B63800688796 /* Controller */ = {
			isa = PBXGroup;
			children = (
				472C973A1C22B67900688796 /* ServalManager.h */,
				472C973B1C22B67900688796 /* ServalManager.m */,
				47F491111C5FB96400E73710 /* ServalManager+Restful.h */,
				47F491121C5FB96400E73710 /* ServalManager+Restful.m */,
				47F4910E1C5FB80800E73710 /* ServalManager+RestfulRhizome.h */,
				47F4910F1C5FB80800E73710 /* ServalManager+RestfulRhizome.m */,
				47F4911A1C5FCA6300E73710 /* ServalManager+RestfulMeshMS.h */,
				47F4911B1C5FCA6300E73710 /* ServalManager+RestfulMeshMS.m */,
			);
			name = Controller;
			sourceTree = "<group>";
		};
		479084DD1C547281002DF295 /* icons */ = {
			isa = PBXGroup;
			children = (
				47C543901C55639700B37EA8 /* UITabBarMostViewed.png */,
				47C5438D1C55639700B37EA8 /* UITabBarMostViewed@2x.png */,
				47C543911C55639700B37EA8 /* UITabBarMore.png */,
				47C5438E1C55639700B37EA8 /* UITabBarMore@2x.png */,
				47C543921C55639700B37EA8 /* UITabBarBookmarks.png */,
				47C5438F1C55639700B37EA8 /* UITabBarBookmarks@2x.png */,
				479084E01C5472CC002DF295 /* edit.png */,
				479084DE1C547291002DF295 /* folder.png */,
			);
			name = icons;
			sourceTree = "<group>";
		};
		47BE323C1C6108BC0021C6AD /* TabBarIcons */ = {
			isa = PBXGroup;
			children = (
				47BE323D1C6108C40021C6AD /* Log.png */,
				47BE323E1C6108C40021C6AD /* Log@2x.png */,
				47BE323F1C6108C40021C6AD /* MeshMS.png */,
				47BE32401C6108C40021C6AD /* MeshMS@2x.png */,
				47BE32411C6108C40021C6AD /* MeshMS2.png */,
				47BE32421C6108C40021C6AD /* MeshMS2@2x.png */,
				47BE32431C6108C40021C6AD /* RhizomeFiles.png */,
				47BE32441C6108C40021C6AD /* RhizomeFiles@2x.png */,
				47BE32451C6108C40021C6AD /* Status.png */,
				47BE32461C6108C40021C6AD /* Status@2x.png */,
			);
			name = TabBarIcons;
			sourceTree = "<group>";
		};
		47E1FCB91BFD2B7700463F7F = {
			isa = PBXGroup;
			children = (
				47BE323C1C6108BC0021C6AD /* TabBarIcons */,
				479084DD1C547281002DF295 /* icons */,
				47E1FCC41BFD2B7700463F7F /* serval-ios */,
				47E1FCC31BFD2B7700463F7F /* Products */,
				52AA1F44A95EFE50FC8541BC /* Pods */,
				50C692DFB4A8C6E3BE73D94F /* Frameworks */,
			);
			sourceTree = "<group>";
		};
		47E1FCC31BFD2B7700463F7F /* Products */ = {
			isa = PBXGroup;
			children = (
				47E1FCC21BFD2B7700463F7F /* serval-ios.app */,
			);
			name = Products;
			sourceTree = "<group>";
		};
		47E1FCC41BFD2B7700463F7F /* serval-ios */ = {
			isa = PBXGroup;
			children = (
				47248E6F1C5EC38800C63B62 /* Model */,
				472C97391C22B63800688796 /* Controller */,
				47E6ABA61C53C713002FB36A /* ViewControllers */,
				4783A8231C00E42900C6039D /* serval.conf */,
				47E1FCC81BFD2B7700463F7F /* AppDelegate.h */,
				47E1FCC91BFD2B7700463F7F /* AppDelegate.m */,
				47E1FCCB1BFD2B7700463F7F /* ViewController.h */,
				47E1FCCC1BFD2B7700463F7F /* ViewController.m */,
				47E1FCCE1BFD2B7700463F7F /* Main.storyboard */,
				47E1FCD11BFD2B7700463F7F /* Assets.xcassets */,
				47E1FCD31BFD2B7700463F7F /* LaunchScreen.storyboard */,
				47E1FCD61BFD2B7700463F7F /* Info.plist */,
				47E1FCC51BFD2B7700463F7F /* Supporting Files */,
			);
			path = "serval-ios";
			sourceTree = "<group>";
		};
		47E1FCC51BFD2B7700463F7F /* Supporting Files */ = {
			isa = PBXGroup;
			children = (
				478EEC2D1C65494F0062E08E /* PrefixHeader.pch */,
				47E1FCC61BFD2B7700463F7F /* main.m */,
			);
			name = "Supporting Files";
			sourceTree = "<group>";
		};
		47E6ABA61C53C713002FB36A /* ViewControllers */ = {
			isa = PBXGroup;
			children = (
				472C97361C22AD6600688796 /* RhizomeFilesTableViewController.h */,
				472C97371C22AD6600688796 /* RhizomeFilesTableViewController.m */,
				479084D71C5460A7002DF295 /* RhizomeFileDetailViewController.h */,
				479084D81C5460A7002DF295 /* RhizomeFileDetailViewController.m */,
				47FFC7371C5EAF6F005002CF /* MeshMSTableViewController.h */,
				47FFC7381C5EAF6F005002CF /* MeshMSTableViewController.m */,
				47F491231C5FF20200E73710 /* MeshConversationViewController.h */,
				47F491241C5FF20200E73710 /* MeshConversationViewController.m */,
				47E6ABAB1C53C8BB002FB36A /* LogViewController.h */,
				47E6ABAC1C53C8BB002FB36A /* LogViewController.m */,
				479084DA1C546B89002DF295 /* ServalStatusViewController.h */,
				479084DB1C546B89002DF295 /* ServalStatusViewController.m */,
				47C543841C554C2D00B37EA8 /* KeyValueTableViewController.h */,
				47C543851C554C2D00B37EA8 /* KeyValueTableViewController.m */,
			);
			name = ViewControllers;
			sourceTree = "<group>";
		};
		50C692DFB4A8C6E3BE73D94F /* Frameworks */ = {
			isa = PBXGroup;
			children = (
				478EEBF61C653F320062E08E /* libserval.a */,
				66867DE16898E8A37F8D1863 /* libPods-serval-ios.a */,
			);
			name = Frameworks;
			sourceTree = "<group>";
		};
		52AA1F44A95EFE50FC8541BC /* Pods */ = {
			isa = PBXGroup;
			children = (
				0E1959F660025C2E534B4944 /* Pods-serval-ios.debug.xcconfig */,
				5E7EF6DF57D24F5282ACC7ED /* Pods-serval-ios.release.xcconfig */,
			);
			name = Pods;
			sourceTree = "<group>";
		};
/* End PBXGroup section */

/* Begin PBXNativeTarget section */
		47E1FCC11BFD2B7700463F7F /* serval-ios */ = {
			isa = PBXNativeTarget;
			buildConfigurationList = 47E1FCD91BFD2B7700463F7F /* Build configuration list for PBXNativeTarget "serval-ios" */;
			buildPhases = (
				C933C374796E14D09A6336B3 /* Check Pods Manifest.lock */,
				47E1FCBE1BFD2B7700463F7F /* Sources */,
				47E1FCBF1BFD2B7700463F7F /* Frameworks */,
				47E1FCC01BFD2B7700463F7F /* Resources */,
				993A4339400F705CDFD68FFF /* Embed Pods Frameworks */,
				5751DDBAC8EE3232F806986C /* Copy Pods Resources */,
			);
			buildRules = (
			);
			dependencies = (
			);
			name = "serval-ios";
			productName = "serval-ios";
			productReference = 47E1FCC21BFD2B7700463F7F /* serval-ios.app */;
			productType = "com.apple.product-type.application";
		};
/* End PBXNativeTarget section */

/* Begin PBXProject section */
		47E1FCBA1BFD2B7700463F7F /* Project object */ = {
			isa = PBXProject;
			attributes = {
				LastUpgradeCheck = 0710;
				ORGANIZATIONNAME = "Jonas Höchst";
				TargetAttributes = {
					47E1FCC11BFD2B7700463F7F = {
						CreatedOnToolsVersion = 7.1.1;
					};
				};
			};
			buildConfigurationList = 47E1FCBD1BFD2B7700463F7F /* Build configuration list for PBXProject "serval-ios" */;
			compatibilityVersion = "Xcode 3.2";
			developmentRegion = English;
			hasScannedForEncodings = 0;
			knownRegions = (
				en,
				Base,
			);
			mainGroup = 47E1FCB91BFD2B7700463F7F;
			productRefGroup = 47E1FCC31BFD2B7700463F7F /* Products */;
			projectDirPath = "";
			projectRoot = "";
			targets = (
				47E1FCC11BFD2B7700463F7F /* serval-ios */,
			);
		};
/* End PBXProject section */

/* Begin PBXResourcesBuildPhase section */
		47E1FCC01BFD2B7700463F7F /* Resources */ = {
			isa = PBXResourcesBuildPhase;
			buildActionMask = 2147483647;
			files = (
				47BE324D1C6108C40021C6AD /* RhizomeFiles.png in Resources */,
				47BE324E1C6108C40021C6AD /* RhizomeFiles@2x.png in Resources */,
				47E1FCD51BFD2B7700463F7F /* LaunchScreen.storyboard in Resources */,
				479084DF1C547291002DF295 /* folder.png in Resources */,
				47BE324C1C6108C40021C6AD /* MeshMS2@2x.png in Resources */,
				47C543951C55639700B37EA8 /* UITabBarBookmarks@2x.png in Resources */,
				47BE324B1C6108C40021C6AD /* MeshMS2.png in Resources */,
				47C543981C55639700B37EA8 /* UITabBarBookmarks.png in Resources */,
				47BE32501C6108C40021C6AD /* Status@2x.png in Resources */,
				47BE32491C6108C40021C6AD /* MeshMS.png in Resources */,
				47E1FCD21BFD2B7700463F7F /* Assets.xcassets in Resources */,
				47E1FCD01BFD2B7700463F7F /* Main.storyboard in Resources */,
				47BE324A1C6108C40021C6AD /* MeshMS@2x.png in Resources */,
				47BE324F1C6108C40021C6AD /* Status.png in Resources */,
				47BE32471C6108C40021C6AD /* Log.png in Resources */,
				4783A8251C00E50700C6039D /* serval.conf in Resources */,
				47C543961C55639700B37EA8 /* UITabBarMostViewed.png in Resources */,
				47C543971C55639700B37EA8 /* UITabBarMore.png in Resources */,
				47C543941C55639700B37EA8 /* UITabBarMore@2x.png in Resources */,
				47BE32481C6108C40021C6AD /* Log@2x.png in Resources */,
				47C543931C55639700B37EA8 /* UITabBarMostViewed@2x.png in Resources */,
				479084E11C5472CC002DF295 /* edit.png in Resources */,
			);
			runOnlyForDeploymentPostprocessing = 0;
		};
/* End PBXResourcesBuildPhase section */

/* Begin PBXShellScriptBuildPhase section */
		5751DDBAC8EE3232F806986C /* Copy Pods Resources */ = {
			isa = PBXShellScriptBuildPhase;
			buildActionMask = 2147483647;
			files = (
			);
			inputPaths = (
			);
			name = "Copy Pods Resources";
			outputPaths = (
			);
			runOnlyForDeploymentPostprocessing = 0;
			shellPath = /bin/sh;
			shellScript = "\"${SRCROOT}/Pods/Target Support Files/Pods-serval-ios/Pods-serval-ios-resources.sh\"\n";
			showEnvVarsInLog = 0;
		};
		993A4339400F705CDFD68FFF /* Embed Pods Frameworks */ = {
			isa = PBXShellScriptBuildPhase;
			buildActionMask = 2147483647;
			files = (
			);
			inputPaths = (
			);
			name = "Embed Pods Frameworks";
			outputPaths = (
			);
			runOnlyForDeploymentPostprocessing = 0;
			shellPath = /bin/sh;
			shellScript = "\"${SRCROOT}/Pods/Target Support Files/Pods-serval-ios/Pods-serval-ios-frameworks.sh\"\n";
			showEnvVarsInLog = 0;
		};
		C933C374796E14D09A6336B3 /* Check Pods Manifest.lock */ = {
			isa = PBXShellScriptBuildPhase;
			buildActionMask = 2147483647;
			files = (
			);
			inputPaths = (
			);
			name = "Check Pods Manifest.lock";
			outputPaths = (
			);
			runOnlyForDeploymentPostprocessing = 0;
			shellPath = /bin/sh;
			shellScript = "diff \"${PODS_ROOT}/../Podfile.lock\" \"${PODS_ROOT}/Manifest.lock\" > /dev/null\nif [[ $? != 0 ]] ; then\n    cat << EOM\nerror: The sandbox is not in sync with the Podfile.lock. Run 'pod install' or update your CocoaPods installation.\nEOM\n    exit 1\nfi\n";
			showEnvVarsInLog = 0;
		};
/* End PBXShellScriptBuildPhase section */

/* Begin PBXSourcesBuildPhase section */
		47E1FCBE1BFD2B7700463F7F /* Sources */ = {
			isa = PBXSourcesBuildPhase;
			buildActionMask = 2147483647;
			files = (
				4783A81E1C00E03800C6039D /* main.m in Sources */,
				4783A81F1C00E0B100C6039D /* AppDelegate.m in Sources */,
				4783A8201C00E0B200C6039D /* ViewController.m in Sources */,
				479084DC1C546B89002DF295 /* ServalStatusViewController.m in Sources */,
				47C543861C554C2D00B37EA8 /* KeyValueTableViewController.m in Sources */,
				47F4911C1C5FCA6300E73710 /* ServalManager+RestfulMeshMS.m in Sources */,
				47FFC7391C5EAF6F005002CF /* MeshMSTableViewController.m in Sources */,
				47E6ABAD1C53C8BB002FB36A /* LogViewController.m in Sources */,
				47248E6E1C5EC38100C63B62 /* RhizomeBundle.m in Sources */,
				479084D91C5460A7002DF295 /* RhizomeFileDetailViewController.m in Sources */,
				47F491221C5FCB8E00E73710 /* MeshMSMessage.m in Sources */,
				472C973C1C22B67900688796 /* ServalManager.m in Sources */,
				47F491131C5FB96400E73710 /* ServalManager+Restful.m in Sources */,
				472C97381C22AD6600688796 /* RhizomeFilesTableViewController.m in Sources */,
				47F491161C5FBA7400E73710 /* ServalIdentity.m in Sources */,
				47F491251C5FF20200E73710 /* MeshConversationViewController.m in Sources */,
				47F491101C5FB80800E73710 /* ServalManager+RestfulRhizome.m in Sources */,
				47F4911F1C5FCB7C00E73710 /* MeshMSConversation.m in Sources */,
			);
			runOnlyForDeploymentPostprocessing = 0;
		};
/* End PBXSourcesBuildPhase section */

/* Begin PBXVariantGroup section */
		47E1FCCE1BFD2B7700463F7F /* Main.storyboard */ = {
			isa = PBXVariantGroup;
			children = (
				47E1FCCF1BFD2B7700463F7F /* Base */,
			);
			name = Main.storyboard;
			sourceTree = "<group>";
		};
		47E1FCD31BFD2B7700463F7F /* LaunchScreen.storyboard */ = {
			isa = PBXVariantGroup;
			children = (
				47E1FCD41BFD2B7700463F7F /* Base */,
			);
			name = LaunchScreen.storyboard;
			sourceTree = "<group>";
		};
/* End PBXVariantGroup section */

/* Begin XCBuildConfiguration section */
		47E1FCD71BFD2B7700463F7F /* Debug */ = {
			isa = XCBuildConfiguration;
			buildSettings = {
				ALWAYS_SEARCH_USER_PATHS = YES;
				CLANG_CXX_LANGUAGE_STANDARD = "gnu++0x";
				CLANG_CXX_LIBRARY = "libc++";
				CLANG_ENABLE_MODULES = YES;
				CLANG_ENABLE_OBJC_ARC = YES;
				CLANG_WARN_BOOL_CONVERSION = YES;
				CLANG_WARN_CONSTANT_CONVERSION = YES;
				CLANG_WARN_DIRECT_OBJC_ISA_USAGE = YES_ERROR;
				CLANG_WARN_EMPTY_BODY = YES;
				CLANG_WARN_ENUM_CONVERSION = YES;
				CLANG_WARN_INT_CONVERSION = YES;
				CLANG_WARN_OBJC_ROOT_CLASS = YES_ERROR;
				CLANG_WARN_UNREACHABLE_CODE = YES;
				CLANG_WARN__DUPLICATE_METHOD_MATCH = YES;
				"CODE_SIGN_IDENTITY[sdk=iphoneos*]" = "iPhone Developer";
				COPY_PHASE_STRIP = NO;
				DEBUG_INFORMATION_FORMAT = dwarf;
				ENABLE_STRICT_OBJC_MSGSEND = YES;
				ENABLE_TESTABILITY = YES;
				FRAMEWORK_SEARCH_PATHS = "";
				GCC_C_LANGUAGE_STANDARD = gnu99;
				GCC_DYNAMIC_NO_PIC = NO;
				GCC_NO_COMMON_BLOCKS = YES;
				GCC_OPTIMIZATION_LEVEL = 0;
				GCC_PREFIX_HEADER = PrefixHeader.pch;
				GCC_PREPROCESSOR_DEFINITIONS = "$(inherited)";
				GCC_WARN_64_TO_32_BIT_CONVERSION = YES;
				GCC_WARN_ABOUT_RETURN_TYPE = YES_ERROR;
				GCC_WARN_UNDECLARED_SELECTOR = YES;
				GCC_WARN_UNINITIALIZED_AUTOS = YES_AGGRESSIVE;
				GCC_WARN_UNUSED_FUNCTION = YES;
				GCC_WARN_UNUSED_VARIABLE = YES;
				HEADER_SEARCH_PATHS = (
					"$(inherited)",
					"$(SRCROOT)/External/serval-dna",
					"$(SRCROOT)/External/serval-dna/ios",
				);
				IPHONEOS_DEPLOYMENT_TARGET = 9.1;
				MACH_O_TYPE = mh_execute;
				MTL_ENABLE_DEBUG_INFO = YES;
				ONLY_ACTIVE_ARCH = YES;
				OTHER_LDFLAGS = "-ObjC";
				SDKROOT = iphoneos;
			};
			name = Debug;
		};
		47E1FCD81BFD2B7700463F7F /* Release */ = {
			isa = XCBuildConfiguration;
			buildSettings = {
				ALWAYS_SEARCH_USER_PATHS = YES;
				CLANG_CXX_LANGUAGE_STANDARD = "gnu++0x";
				CLANG_CXX_LIBRARY = "libc++";
				CLANG_ENABLE_MODULES = YES;
				CLANG_ENABLE_OBJC_ARC = YES;
				CLANG_WARN_BOOL_CONVERSION = YES;
				CLANG_WARN_CONSTANT_CONVERSION = YES;
				CLANG_WARN_DIRECT_OBJC_ISA_USAGE = YES_ERROR;
				CLANG_WARN_EMPTY_BODY = YES;
				CLANG_WARN_ENUM_CONVERSION = YES;
				CLANG_WARN_INT_CONVERSION = YES;
				CLANG_WARN_OBJC_ROOT_CLASS = YES_ERROR;
				CLANG_WARN_UNREACHABLE_CODE = YES;
				CLANG_WARN__DUPLICATE_METHOD_MATCH = YES;
				"CODE_SIGN_IDENTITY[sdk=iphoneos*]" = "iPhone Developer";
				COPY_PHASE_STRIP = NO;
				DEBUG_INFORMATION_FORMAT = "dwarf-with-dsym";
				ENABLE_NS_ASSERTIONS = NO;
				ENABLE_STRICT_OBJC_MSGSEND = YES;
				FRAMEWORK_SEARCH_PATHS = "";
				GCC_C_LANGUAGE_STANDARD = gnu99;
				GCC_NO_COMMON_BLOCKS = YES;
				GCC_PREFIX_HEADER = PrefixHeader.pch;
				GCC_WARN_64_TO_32_BIT_CONVERSION = YES;
				GCC_WARN_ABOUT_RETURN_TYPE = YES_ERROR;
				GCC_WARN_UNDECLARED_SELECTOR = YES;
				GCC_WARN_UNINITIALIZED_AUTOS = YES_AGGRESSIVE;
				GCC_WARN_UNUSED_FUNCTION = YES;
				GCC_WARN_UNUSED_VARIABLE = YES;
				HEADER_SEARCH_PATHS = (
					"$(inherited)",
					"$(SRCROOT)/External/serval-dna",
					"$(SRCROOT)/External/serval-dna/ios",
				);
				IPHONEOS_DEPLOYMENT_TARGET = 9.1;
				MACH_O_TYPE = mh_execute;
				MTL_ENABLE_DEBUG_INFO = NO;
				OTHER_LDFLAGS = "-ObjC";
				SDKROOT = iphoneos;
				VALIDATE_PRODUCT = YES;
			};
			name = Release;
		};
		47E1FCDA1BFD2B7700463F7F /* Debug */ = {
			isa = XCBuildConfiguration;
			baseConfigurationReference = 0E1959F660025C2E534B4944 /* Pods-serval-ios.debug.xcconfig */;
			buildSettings = {
				ALWAYS_SEARCH_USER_PATHS = YES;
				ASSETCATALOG_COMPILER_APPICON_NAME = AppIcon;
				CLANG_CXX_LANGUAGE_STANDARD = "compiler-default";
				CLANG_CXX_LIBRARY = "compiler-default";
				ENABLE_BITCODE = NO;
				GCC_NO_COMMON_BLOCKS = NO;
				GCC_PRECOMPILE_PREFIX_HEADER = YES;
				GCC_PREFIX_HEADER = PrefixHeader.pch;
				GCC_PREPROCESSOR_DEFINITIONS = (
					"$(inherited)",
					"COCOAPODS=1",
					"SIZEOF_OFF_T=8",
				);
				HEADER_SEARCH_PATHS = "";
				INFOPLIST_FILE = "serval-ios/Info.plist";
				LD_RUNPATH_SEARCH_PATHS = "$(inherited) @executable_path/Frameworks";
				LIBRARY_SEARCH_PATHS = (
					"$(inherited)",
					"$(PROJECT_DIR)/serval-dna/xcode/build/Debug-iphoneos",
				);
				OTHER_CFLAGS = "$(inherited)";
				OTHER_LDFLAGS = "$(inherited)";
				PRODUCT_BUNDLE_IDENTIFIER = "de.jonashoechst.serval-ios";
				PRODUCT_NAME = "$(TARGET_NAME)";
				USER_HEADER_SEARCH_PATHS = "$(inherited)";
				USE_HEADERMAP = YES;
			};
			name = Debug;
		};
		47E1FCDB1BFD2B7700463F7F /* Release */ = {
			isa = XCBuildConfiguration;
			baseConfigurationReference = 5E7EF6DF57D24F5282ACC7ED /* Pods-serval-ios.release.xcconfig */;
			buildSettings = {
				ALWAYS_SEARCH_USER_PATHS = YES;
				ASSETCATALOG_COMPILER_APPICON_NAME = AppIcon;
				CLANG_CXX_LANGUAGE_STANDARD = "compiler-default";
				CLANG_CXX_LIBRARY = "compiler-default";
				ENABLE_BITCODE = NO;
				GCC_NO_COMMON_BLOCKS = NO;
				GCC_PRECOMPILE_PREFIX_HEADER = YES;
				GCC_PREFIX_HEADER = PrefixHeader.pch;
				GCC_PREPROCESSOR_DEFINITIONS = (
					"$(inherited)",
					"COCOAPODS=1",
					"SIZEOF_OFF_T=8",
				);
				HEADER_SEARCH_PATHS = "";
				INFOPLIST_FILE = "serval-ios/Info.plist";
				LD_RUNPATH_SEARCH_PATHS = "$(inherited) @executable_path/Frameworks";
				LIBRARY_SEARCH_PATHS = (
					"$(inherited)",
					"$(PROJECT_DIR)/serval-dna/xcode/build/Debug-iphoneos",
				);
				OTHER_CFLAGS = "$(inherited)";
				OTHER_LDFLAGS = "$(inherited)";
				PRODUCT_BUNDLE_IDENTIFIER = "de.jonashoechst.serval-ios";
				PRODUCT_NAME = "$(TARGET_NAME)";
				USER_HEADER_SEARCH_PATHS = "$(inherited)";
				USE_HEADERMAP = YES;
			};
			name = Release;
		};
/* End XCBuildConfiguration section */

/* Begin XCConfigurationList section */
		47E1FCBD1BFD2B7700463F7F /* Build configuration list for PBXProject "serval-ios" */ = {
			isa = XCConfigurationList;
			buildConfigurations = (
				47E1FCD71BFD2B7700463F7F /* Debug */,
				47E1FCD81BFD2B7700463F7F /* Release */,
			);
			defaultConfigurationIsVisible = 0;
			defaultConfigurationName = Release;
		};
		47E1FCD91BFD2B7700463F7F /* Build configuration list for PBXNativeTarget "serval-ios" */ = {
			isa = XCConfigurationList;
			buildConfigurations = (
				47E1FCDA1BFD2B7700463F7F /* Debug */,
				47E1FCDB1BFD2B7700463F7F /* Release */,
			);
			defaultConfigurationIsVisible = 0;
			defaultConfigurationName = Release;
		};
/* End XCConfigurationList section */
	};
	rootObject = 47E1FCBA1BFD2B7700463F7F /* Project object */;
}
