// !$*UTF8*$!
{
	archiveVersion = 1;
	classes = {
	};
	objectVersion = 46;
	objects = {

/* Begin PBXBuildFile section */
		47248E6E1C5EC38100C63B62 /* RhizomeBundle.m in Sources */ = {isa = PBXBuildFile; fileRef = 47248E6D1C5EC38100C63B62 /* RhizomeBundle.m */; };
		472C97381C22AD6600688796 /* RhizomeFilesTableViewController.m in Sources */ = {isa = PBXBuildFile; fileRef = 472C97371C22AD6600688796 /* RhizomeFilesTableViewController.m */; };
		472C973C1C22B67900688796 /* ServalManager.m in Sources */ = {isa = PBXBuildFile; fileRef = 472C973B1C22B67900688796 /* ServalManager.m */; };
		4783A81D1C00D86F00C6039D /* paths-helper.c in Sources */ = {isa = PBXBuildFile; fileRef = 4783A81B1C00D86F00C6039D /* paths-helper.c */; };
		4783A81E1C00E03800C6039D /* main.m in Sources */ = {isa = PBXBuildFile; fileRef = 47E1FCC61BFD2B7700463F7F /* main.m */; };
		4783A81F1C00E0B100C6039D /* AppDelegate.m in Sources */ = {isa = PBXBuildFile; fileRef = 47E1FCC91BFD2B7700463F7F /* AppDelegate.m */; };
		4783A8201C00E0B200C6039D /* ViewController.m in Sources */ = {isa = PBXBuildFile; fileRef = 47E1FCCC1BFD2B7700463F7F /* ViewController.m */; };
		4783A8251C00E50700C6039D /* serval.conf in Resources */ = {isa = PBXBuildFile; fileRef = 4783A8231C00E42900C6039D /* serval.conf */; };
		479084D91C5460A7002DF295 /* RhizomeFileDetailViewController.m in Sources */ = {isa = PBXBuildFile; fileRef = 479084D81C5460A7002DF295 /* RhizomeFileDetailViewController.m */; };
		479084DC1C546B89002DF295 /* ServalStatusViewController.m in Sources */ = {isa = PBXBuildFile; fileRef = 479084DB1C546B89002DF295 /* ServalStatusViewController.m */; };
		479084DF1C547291002DF295 /* folder.png in Resources */ = {isa = PBXBuildFile; fileRef = 479084DE1C547291002DF295 /* folder.png */; };
		479084E11C5472CC002DF295 /* edit.png in Resources */ = {isa = PBXBuildFile; fileRef = 479084E01C5472CC002DF295 /* edit.png */; };
		47BE32471C6108C40021C6AD /* Log.png in Resources */ = {isa = PBXBuildFile; fileRef = 47BE323D1C6108C40021C6AD /* Log.png */; };
		47BE32481C6108C40021C6AD /* Log@2x.png in Resources */ = {isa = PBXBuildFile; fileRef = 47BE323E1C6108C40021C6AD /* Log@2x.png */; };
		47BE32491C6108C40021C6AD /* MeshMS.png in Resources */ = {isa = PBXBuildFile; fileRef = 47BE323F1C6108C40021C6AD /* MeshMS.png */; };
		47BE324A1C6108C40021C6AD /* MeshMS@2x.png in Resources */ = {isa = PBXBuildFile; fileRef = 47BE32401C6108C40021C6AD /* MeshMS@2x.png */; };
		47BE324B1C6108C40021C6AD /* MeshMS2.png in Resources */ = {isa = PBXBuildFile; fileRef = 47BE32411C6108C40021C6AD /* MeshMS2.png */; };
		47BE324C1C6108C40021C6AD /* MeshMS2@2x.png in Resources */ = {isa = PBXBuildFile; fileRef = 47BE32421C6108C40021C6AD /* MeshMS2@2x.png */; };
		47BE324D1C6108C40021C6AD /* RhizomeFiles.png in Resources */ = {isa = PBXBuildFile; fileRef = 47BE32431C6108C40021C6AD /* RhizomeFiles.png */; };
		47BE324E1C6108C40021C6AD /* RhizomeFiles@2x.png in Resources */ = {isa = PBXBuildFile; fileRef = 47BE32441C6108C40021C6AD /* RhizomeFiles@2x.png */; };
		47BE324F1C6108C40021C6AD /* Status.png in Resources */ = {isa = PBXBuildFile; fileRef = 47BE32451C6108C40021C6AD /* Status.png */; };
		47BE32501C6108C40021C6AD /* Status@2x.png in Resources */ = {isa = PBXBuildFile; fileRef = 47BE32461C6108C40021C6AD /* Status@2x.png */; };
		47C062561D36476300F12024 /* sqlite3.c in Sources */ = {isa = PBXBuildFile; fileRef = 47C062521D36476300F12024 /* sqlite3.c */; };
		47C543861C554C2D00B37EA8 /* KeyValueTableViewController.m in Sources */ = {isa = PBXBuildFile; fileRef = 47C543851C554C2D00B37EA8 /* KeyValueTableViewController.m */; };
		47C543931C55639700B37EA8 /* UITabBarMostViewed@2x.png in Resources */ = {isa = PBXBuildFile; fileRef = 47C5438D1C55639700B37EA8 /* UITabBarMostViewed@2x.png */; };
		47C543941C55639700B37EA8 /* UITabBarMore@2x.png in Resources */ = {isa = PBXBuildFile; fileRef = 47C5438E1C55639700B37EA8 /* UITabBarMore@2x.png */; };
		47C543951C55639700B37EA8 /* UITabBarBookmarks@2x.png in Resources */ = {isa = PBXBuildFile; fileRef = 47C5438F1C55639700B37EA8 /* UITabBarBookmarks@2x.png */; };
		47C543961C55639700B37EA8 /* UITabBarMostViewed.png in Resources */ = {isa = PBXBuildFile; fileRef = 47C543901C55639700B37EA8 /* UITabBarMostViewed.png */; };
		47C543971C55639700B37EA8 /* UITabBarMore.png in Resources */ = {isa = PBXBuildFile; fileRef = 47C543911C55639700B37EA8 /* UITabBarMore.png */; };
		47C543981C55639700B37EA8 /* UITabBarBookmarks.png in Resources */ = {isa = PBXBuildFile; fileRef = 47C543921C55639700B37EA8 /* UITabBarBookmarks.png */; };
		47E105021BFD434C00463F7F /* cli.c in Sources */ = {isa = PBXBuildFile; fileRef = 47E100F61BFD316F00463F7F /* cli.c */; };
		47E105031BFD434C00463F7F /* conf.c in Sources */ = {isa = PBXBuildFile; fileRef = 47E100FA1BFD316F00463F7F /* conf.c */; };
		47E105041BFD434C00463F7F /* conf_om.c in Sources */ = {isa = PBXBuildFile; fileRef = 47E100FD1BFD316F00463F7F /* conf_om.c */; };
		47E105051BFD434C00463F7F /* conf_parse.c in Sources */ = {isa = PBXBuildFile; fileRef = 47E100FE1BFD316F00463F7F /* conf_parse.c */; };
		47E105061BFD434C00463F7F /* conf_schema.c in Sources */ = {isa = PBXBuildFile; fileRef = 47E100FF1BFD316F00463F7F /* conf_schema.c */; };
		47E105071BFD434C00463F7F /* console.c in Sources */ = {isa = PBXBuildFile; fileRef = 47E101041BFD317000463F7F /* console.c */; };
		47E105081BFD434C00463F7F /* dataformats.c in Sources */ = {isa = PBXBuildFile; fileRef = 47E1010C1BFD317000463F7F /* dataformats.c */; };
		47E105091BFD434C00463F7F /* fdqueue.c in Sources */ = {isa = PBXBuildFile; fileRef = 47E101271BFD317000463F7F /* fdqueue.c */; };
		47E1050A1BFD434C00463F7F /* instance.c in Sources */ = {isa = PBXBuildFile; fileRef = 47E101431BFD317000463F7F /* instance.c */; };
		47E1050B1BFD434C00463F7F /* limit.c in Sources */ = {isa = PBXBuildFile; fileRef = 47E1019E1BFD317000463F7F /* limit.c */; };
		47E1050C1BFD434C00463F7F /* logMessage.c in Sources */ = {isa = PBXBuildFile; fileRef = 47E101A51BFD317000463F7F /* logMessage.c */; };
		47E1050D1BFD434C00463F7F /* log_util.c in Sources */ = {isa = PBXBuildFile; fileRef = 47E101A41BFD317000463F7F /* log_util.c */; };
		47E1050E1BFD434C00463F7F /* mem.c in Sources */ = {isa = PBXBuildFile; fileRef = 47E101BC1BFD317000463F7F /* mem.c */; };
		47E1050F1BFD434C00463F7F /* net.c in Sources */ = {isa = PBXBuildFile; fileRef = 47E102AA1BFD317000463F7F /* net.c */; };
		47E105101BFD434C00463F7F /* os.c in Sources */ = {isa = PBXBuildFile; fileRef = 47E102B11BFD317000463F7F /* os.c */; };
		47E105111BFD434C00463F7F /* performance_timing.c in Sources */ = {isa = PBXBuildFile; fileRef = 47E102C21BFD317000463F7F /* performance_timing.c */; };
		47E105131BFD434C00463F7F /* rotbuf.c in Sources */ = {isa = PBXBuildFile; fileRef = 47E102D61BFD317000463F7F /* rotbuf.c */; };
		47E105141BFD434C00463F7F /* sighandlers.c in Sources */ = {isa = PBXBuildFile; fileRef = 47E102E41BFD317000463F7F /* sighandlers.c */; };
		47E105151BFD434C00463F7F /* socket.c in Sources */ = {isa = PBXBuildFile; fileRef = 47E102E81BFD317000463F7F /* socket.c */; };
		47E105171BFD434C00463F7F /* strbuf.c in Sources */ = {isa = PBXBuildFile; fileRef = 47E102F21BFD317000463F7F /* strbuf.c */; };
		47E105181BFD434C00463F7F /* strbuf_helpers.c in Sources */ = {isa = PBXBuildFile; fileRef = 47E102F41BFD317000463F7F /* strbuf_helpers.c */; };
		47E105191BFD434C00463F7F /* str.c in Sources */ = {isa = PBXBuildFile; fileRef = 47E102F01BFD317000463F7F /* str.c */; };
		47E1051A1BFD434C00463F7F /* strlcpy.c in Sources */ = {isa = PBXBuildFile; fileRef = 47E102F61BFD317000463F7F /* strlcpy.c */; };
		47E1051C1BFD434C00463F7F /* uuid.c in Sources */ = {isa = PBXBuildFile; fileRef = 47E103251BFD317000463F7F /* uuid.c */; };
		47E1051D1BFD434C00463F7F /* whence.c in Sources */ = {isa = PBXBuildFile; fileRef = 47E1032B1BFD317000463F7F /* whence.c */; };
		47E1051E1BFD434C00463F7F /* xprintf.c in Sources */ = {isa = PBXBuildFile; fileRef = 47E103321BFD317000463F7F /* xprintf.c */; };
		47E1051F1BFD434C00463F7F /* mdp_client.c in Sources */ = {isa = PBXBuildFile; fileRef = 47E101B81BFD317000463F7F /* mdp_client.c */; };
		47E105211BFD434C00463F7F /* commandline.c in Sources */ = {isa = PBXBuildFile; fileRef = 47E100F81BFD316F00463F7F /* commandline.c */; };
		47E105221BFD434C00463F7F /* conf_cli.c in Sources */ = {isa = PBXBuildFile; fileRef = 47E100FC1BFD316F00463F7F /* conf_cli.c */; };
		47E105231BFD434C00463F7F /* rhizome_cli.c in Sources */ = {isa = PBXBuildFile; fileRef = 47E102CA1BFD317000463F7F /* rhizome_cli.c */; };
		47E105241BFD434C00463F7F /* keyring_cli.c in Sources */ = {isa = PBXBuildFile; fileRef = 47E1019B1BFD317000463F7F /* keyring_cli.c */; };
		47E105251BFD434C00463F7F /* network_cli.c in Sources */ = {isa = PBXBuildFile; fileRef = 47E102AC1BFD317000463F7F /* network_cli.c */; };
		47E105261BFD434C00463F7F /* crypto.c in Sources */ = {isa = PBXBuildFile; fileRef = 47E1010A1BFD317000463F7F /* crypto.c */; };
		47E105271BFD434C00463F7F /* directory_client.c in Sources */ = {isa = PBXBuildFile; fileRef = 47E101151BFD317000463F7F /* directory_client.c */; };
		47E105281BFD434C00463F7F /* dna_helper.c in Sources */ = {isa = PBXBuildFile; fileRef = 47E101171BFD317000463F7F /* dna_helper.c */; };
		47E105291BFD434C00463F7F /* golay.c in Sources */ = {isa = PBXBuildFile; fileRef = 47E101391BFD317000463F7F /* golay.c */; };
		47E1052A1BFD434C00463F7F /* httpd.c in Sources */ = {isa = PBXBuildFile; fileRef = 47E1013F1BFD317000463F7F /* httpd.c */; };
		47E1052B1BFD434C00463F7F /* http_server.c in Sources */ = {isa = PBXBuildFile; fileRef = 47E1013D1BFD317000463F7F /* http_server.c */; };
		47E1052C1BFD434C00463F7F /* keyring.c in Sources */ = {isa = PBXBuildFile; fileRef = 47E101991BFD317000463F7F /* keyring.c */; };
		47E1052D1BFD434C00463F7F /* log.c in Sources */ = {isa = PBXBuildFile; fileRef = 47E101A01BFD317000463F7F /* log.c */; };
		47E1052E1BFD434C00463F7F /* lsif.c in Sources */ = {isa = PBXBuildFile; fileRef = 47E101A61BFD317000463F7F /* lsif.c */; };
		47E105301BFD434C00463F7F /* radio_link.c in Sources */ = {isa = PBXBuildFile; fileRef = 47E102C31BFD317000463F7F /* radio_link.c */; };
		47E105311BFD434C00463F7F /* meshms.c in Sources */ = {isa = PBXBuildFile; fileRef = 47E101BE1BFD317000463F7F /* meshms.c */; };
		47E105321BFD434C00463F7F /* keyring_restful.c in Sources */ = {isa = PBXBuildFile; fileRef = 47E1019C1BFD317000463F7F /* keyring_restful.c */; };
		47E105331BFD434C00463F7F /* meshms_restful.c in Sources */ = {isa = PBXBuildFile; fileRef = 47E101C01BFD317000463F7F /* meshms_restful.c */; };
		47E105341BFD434C00463F7F /* msp_client.c in Sources */ = {isa = PBXBuildFile; fileRef = 47E101C71BFD317000463F7F /* msp_client.c */; };
		47E105351BFD434C00463F7F /* msp_proxy.c in Sources */ = {isa = PBXBuildFile; fileRef = 47E101C91BFD317000463F7F /* msp_proxy.c */; };
		47E105361BFD434C00463F7F /* monitor.c in Sources */ = {isa = PBXBuildFile; fileRef = 47E101C51BFD317000463F7F /* monitor.c */; };
		47E105371BFD434C00463F7F /* monitor-client.c in Sources */ = {isa = PBXBuildFile; fileRef = 47E101C31BFD317000463F7F /* monitor-client.c */; };
		47E105381BFD434C00463F7F /* monitor-cli.c in Sources */ = {isa = PBXBuildFile; fileRef = 47E101C21BFD317000463F7F /* monitor-cli.c */; };
		47E105391BFD434C00463F7F /* overlay_address.c in Sources */ = {isa = PBXBuildFile; fileRef = 47E102B31BFD317000463F7F /* overlay_address.c */; };
		47E1053A1BFD434C00463F7F /* overlay_buffer.c in Sources */ = {isa = PBXBuildFile; fileRef = 47E102B51BFD317000463F7F /* overlay_buffer.c */; };
		47E1053B1BFD434C00463F7F /* overlay_interface.c in Sources */ = {isa = PBXBuildFile; fileRef = 47E102B71BFD317000463F7F /* overlay_interface.c */; };
		47E1053C1BFD434C00463F7F /* overlay_link.c in Sources */ = {isa = PBXBuildFile; fileRef = 47E102B91BFD317000463F7F /* overlay_link.c */; };
		47E1053D1BFD434C00463F7F /* overlay_packetradio.c in Sources */ = {isa = PBXBuildFile; fileRef = 47E102BF1BFD317000463F7F /* overlay_packetradio.c */; };
		47E1053E1BFD434C00463F7F /* overlay_queue.c in Sources */ = {isa = PBXBuildFile; fileRef = 47E102C11BFD317000463F7F /* overlay_queue.c */; };
		47E1053F1BFD434C00463F7F /* overlay_mdp.c in Sources */ = {isa = PBXBuildFile; fileRef = 47E102BA1BFD317000463F7F /* overlay_mdp.c */; };
		47E105401BFD434C00463F7F /* overlay_mdp_services.c in Sources */ = {isa = PBXBuildFile; fileRef = 47E102BB1BFD317000463F7F /* overlay_mdp_services.c */; };
		47E105411BFD434C00463F7F /* mdp_filter.c in Sources */ = {isa = PBXBuildFile; fileRef = 47E101BA1BFD317000463F7F /* mdp_filter.c */; };
		47E105421BFD434C00463F7F /* overlay_olsr.c in Sources */ = {isa = PBXBuildFile; fileRef = 47E102BC1BFD317000463F7F /* overlay_olsr.c */; };
		47E105431BFD434C00463F7F /* overlay_packetformats.c in Sources */ = {isa = PBXBuildFile; fileRef = 47E102BE1BFD317000463F7F /* overlay_packetformats.c */; };
		47E105441BFD434C00463F7F /* overlay_payload.c in Sources */ = {isa = PBXBuildFile; fileRef = 47E102C01BFD317000463F7F /* overlay_payload.c */; };
		47E105451BFD434C00463F7F /* route_link.c in Sources */ = {isa = PBXBuildFile; fileRef = 47E102D81BFD317000463F7F /* route_link.c */; };
		47E105461BFD434C00463F7F /* rhizome.c in Sources */ = {isa = PBXBuildFile; fileRef = 47E102C71BFD317000463F7F /* rhizome.c */; };
		47E105471BFD434C00463F7F /* rhizome_bundle.c in Sources */ = {isa = PBXBuildFile; fileRef = 47E102C91BFD317000463F7F /* rhizome_bundle.c */; };
		47E105481BFD434C00463F7F /* rhizome_crypto.c in Sources */ = {isa = PBXBuildFile; fileRef = 47E102CB1BFD317000463F7F /* rhizome_crypto.c */; };
		47E105491BFD434C00463F7F /* rhizome_database.c in Sources */ = {isa = PBXBuildFile; fileRef = 47E102CC1BFD317000463F7F /* rhizome_database.c */; };
		47E1054A1BFD434C00463F7F /* rhizome_direct.c in Sources */ = {isa = PBXBuildFile; fileRef = 47E102CD1BFD317000463F7F /* rhizome_direct.c */; };
		47E1054B1BFD434C00463F7F /* rhizome_direct_http.c in Sources */ = {isa = PBXBuildFile; fileRef = 47E102CE1BFD317000463F7F /* rhizome_direct_http.c */; };
		47E1054C1BFD434C00463F7F /* rhizome_fetch.c in Sources */ = {isa = PBXBuildFile; fileRef = 47E102CF1BFD317000463F7F /* rhizome_fetch.c */; };
		47E1054D1BFD434C00463F7F /* rhizome_http.c in Sources */ = {isa = PBXBuildFile; fileRef = 47E102D01BFD317000463F7F /* rhizome_http.c */; };
		47E1054E1BFD434C00463F7F /* rhizome_restful.c in Sources */ = {isa = PBXBuildFile; fileRef = 47E102D21BFD317000463F7F /* rhizome_restful.c */; };
		47E1054F1BFD434C00463F7F /* rhizome_packetformats.c in Sources */ = {isa = PBXBuildFile; fileRef = 47E102D11BFD317000463F7F /* rhizome_packetformats.c */; };
		47E105501BFD434C00463F7F /* rhizome_store.c in Sources */ = {isa = PBXBuildFile; fileRef = 47E102D31BFD317000463F7F /* rhizome_store.c */; };
		47E105511BFD434C00463F7F /* rhizome_sync.c in Sources */ = {isa = PBXBuildFile; fileRef = 47E102D41BFD317000463F7F /* rhizome_sync.c */; };
		47E105521BFD434C00463F7F /* serval_packetvisualise.c in Sources */ = {isa = PBXBuildFile; fileRef = 47E102DC1BFD317000463F7F /* serval_packetvisualise.c */; };
		47E105531BFD434C00463F7F /* server.c in Sources */ = {isa = PBXBuildFile; fileRef = 47E102DF1BFD317000463F7F /* server.c */; };
		47E105541BFD434C00463F7F /* server_httpd.c in Sources */ = {isa = PBXBuildFile; fileRef = 47E102E11BFD317000463F7F /* server_httpd.c */; };
		47E105551BFD434C00463F7F /* vomp.c in Sources */ = {isa = PBXBuildFile; fileRef = 47E103291BFD317000463F7F /* vomp.c */; };
		47E105561BFD434C00463F7F /* vomp_console.c in Sources */ = {isa = PBXBuildFile; fileRef = 47E1032A1BFD317000463F7F /* vomp_console.c */; };
		47E105571BFD436900463F7F /* ccsds_tables.c in Sources */ = {isa = PBXBuildFile; fileRef = 47E1012A1BFD317000463F7F /* ccsds_tables.c */; };
		47E105581BFD436900463F7F /* decode_rs_8.c in Sources */ = {isa = PBXBuildFile; fileRef = 47E1012D1BFD317000463F7F /* decode_rs_8.c */; };
		47E105591BFD436900463F7F /* encode_rs_8.c in Sources */ = {isa = PBXBuildFile; fileRef = 47E1012F1BFD317000463F7F /* encode_rs_8.c */; };
		47E1055A1BFD436900463F7F /* init_rs_char.c in Sources */ = {isa = PBXBuildFile; fileRef = 47E101341BFD317000463F7F /* init_rs_char.c */; };
		47E1055B1BFDCEA000463F7F /* version_servald.c in Sources */ = {isa = PBXBuildFile; fileRef = 47E103271BFD317000463F7F /* version_servald.c */; };
		47E1FCD01BFD2B7700463F7F /* Main.storyboard in Resources */ = {isa = PBXBuildFile; fileRef = 47E1FCCE1BFD2B7700463F7F /* Main.storyboard */; };
		47E1FCD21BFD2B7700463F7F /* Assets.xcassets in Resources */ = {isa = PBXBuildFile; fileRef = 47E1FCD11BFD2B7700463F7F /* Assets.xcassets */; };
		47E1FCD51BFD2B7700463F7F /* LaunchScreen.storyboard in Resources */ = {isa = PBXBuildFile; fileRef = 47E1FCD31BFD2B7700463F7F /* LaunchScreen.storyboard */; };
		47E6ABAD1C53C8BB002FB36A /* LogViewController.m in Sources */ = {isa = PBXBuildFile; fileRef = 47E6ABAC1C53C8BB002FB36A /* LogViewController.m */; };
		47F491101C5FB80800E73710 /* ServalManager+RestfulRhizome.m in Sources */ = {isa = PBXBuildFile; fileRef = 47F4910F1C5FB80800E73710 /* ServalManager+RestfulRhizome.m */; };
		47F491131C5FB96400E73710 /* ServalManager+Restful.m in Sources */ = {isa = PBXBuildFile; fileRef = 47F491121C5FB96400E73710 /* ServalManager+Restful.m */; };
		47F491161C5FBA7400E73710 /* ServalIdentity.m in Sources */ = {isa = PBXBuildFile; fileRef = 47F491151C5FBA7400E73710 /* ServalIdentity.m */; };
		47F4911C1C5FCA6300E73710 /* ServalManager+RestfulMeshMS.m in Sources */ = {isa = PBXBuildFile; fileRef = 47F4911B1C5FCA6300E73710 /* ServalManager+RestfulMeshMS.m */; };
		47F4911F1C5FCB7C00E73710 /* MeshMSConversation.m in Sources */ = {isa = PBXBuildFile; fileRef = 47F4911E1C5FCB7C00E73710 /* MeshMSConversation.m */; };
		47F491221C5FCB8E00E73710 /* MeshMSMessage.m in Sources */ = {isa = PBXBuildFile; fileRef = 47F491211C5FCB8E00E73710 /* MeshMSMessage.m */; };
		47F491251C5FF20200E73710 /* MeshConversationViewController.m in Sources */ = {isa = PBXBuildFile; fileRef = 47F491241C5FF20200E73710 /* MeshConversationViewController.m */; };
		47FFC7391C5EAF6F005002CF /* MeshMSTableViewController.m in Sources */ = {isa = PBXBuildFile; fileRef = 47FFC7381C5EAF6F005002CF /* MeshMSTableViewController.m */; };
		BD5D601C84DC094B07423C07 /* libPods-serval-ios.a in Frameworks */ = {isa = PBXBuildFile; fileRef = DA9402E56724867469547577 /* libPods-serval-ios.a */; };
/* End PBXBuildFile section */

/* Begin PBXFileReference section */
		47248E6C1C5EC38100C63B62 /* RhizomeBundle.h */ = {isa = PBXFileReference; fileEncoding = 4; lastKnownFileType = sourcecode.c.h; path = RhizomeBundle.h; sourceTree = "<group>"; };
		47248E6D1C5EC38100C63B62 /* RhizomeBundle.m */ = {isa = PBXFileReference; fileEncoding = 4; lastKnownFileType = sourcecode.c.objc; path = RhizomeBundle.m; sourceTree = "<group>"; };
		472C97361C22AD6600688796 /* RhizomeFilesTableViewController.h */ = {isa = PBXFileReference; fileEncoding = 4; lastKnownFileType = sourcecode.c.h; path = RhizomeFilesTableViewController.h; sourceTree = "<group>"; };
		472C97371C22AD6600688796 /* RhizomeFilesTableViewController.m */ = {isa = PBXFileReference; fileEncoding = 4; lastKnownFileType = sourcecode.c.objc; path = RhizomeFilesTableViewController.m; sourceTree = "<group>"; };
		472C973A1C22B67900688796 /* ServalManager.h */ = {isa = PBXFileReference; fileEncoding = 4; lastKnownFileType = sourcecode.c.h; path = ServalManager.h; sourceTree = "<group>"; };
		472C973B1C22B67900688796 /* ServalManager.m */ = {isa = PBXFileReference; fileEncoding = 4; lastKnownFileType = sourcecode.c.objc; path = ServalManager.m; sourceTree = "<group>"; };
		4783A8191C00B7A000C6039D /* uuid.h */ = {isa = PBXFileReference; lastKnownFileType = sourcecode.c.h; path = uuid.h; sourceTree = "<group>"; };
		4783A81B1C00D86F00C6039D /* paths-helper.c */ = {isa = PBXFileReference; fileEncoding = 4; lastKnownFileType = sourcecode.c.c; path = "paths-helper.c"; sourceTree = "<group>"; };
		4783A81C1C00D86F00C6039D /* paths-helper.h */ = {isa = PBXFileReference; fileEncoding = 4; lastKnownFileType = sourcecode.c.h; path = "paths-helper.h"; sourceTree = "<group>"; };
		4783A8231C00E42900C6039D /* serval.conf */ = {isa = PBXFileReference; fileEncoding = 4; lastKnownFileType = text; name = serval.conf; path = ../serval.conf; sourceTree = "<group>"; };
		479084D71C5460A7002DF295 /* RhizomeFileDetailViewController.h */ = {isa = PBXFileReference; fileEncoding = 4; lastKnownFileType = sourcecode.c.h; path = RhizomeFileDetailViewController.h; sourceTree = "<group>"; };
		479084D81C5460A7002DF295 /* RhizomeFileDetailViewController.m */ = {isa = PBXFileReference; fileEncoding = 4; lastKnownFileType = sourcecode.c.objc; path = RhizomeFileDetailViewController.m; sourceTree = "<group>"; };
		479084DA1C546B89002DF295 /* ServalStatusViewController.h */ = {isa = PBXFileReference; fileEncoding = 4; lastKnownFileType = sourcecode.c.h; path = ServalStatusViewController.h; sourceTree = "<group>"; };
		479084DB1C546B89002DF295 /* ServalStatusViewController.m */ = {isa = PBXFileReference; fileEncoding = 4; lastKnownFileType = sourcecode.c.objc; path = ServalStatusViewController.m; sourceTree = "<group>"; };
		479084DE1C547291002DF295 /* folder.png */ = {isa = PBXFileReference; lastKnownFileType = image.png; path = folder.png; sourceTree = "<group>"; };
		479084E01C5472CC002DF295 /* edit.png */ = {isa = PBXFileReference; lastKnownFileType = image.png; path = edit.png; sourceTree = "<group>"; };
		47BE323D1C6108C40021C6AD /* Log.png */ = {isa = PBXFileReference; lastKnownFileType = image.png; path = Log.png; sourceTree = "<group>"; };
		47BE323E1C6108C40021C6AD /* Log@2x.png */ = {isa = PBXFileReference; lastKnownFileType = image.png; path = "Log@2x.png"; sourceTree = "<group>"; };
		47BE323F1C6108C40021C6AD /* MeshMS.png */ = {isa = PBXFileReference; lastKnownFileType = image.png; path = MeshMS.png; sourceTree = "<group>"; };
		47BE32401C6108C40021C6AD /* MeshMS@2x.png */ = {isa = PBXFileReference; lastKnownFileType = image.png; path = "MeshMS@2x.png"; sourceTree = "<group>"; };
		47BE32411C6108C40021C6AD /* MeshMS2.png */ = {isa = PBXFileReference; lastKnownFileType = image.png; path = MeshMS2.png; sourceTree = "<group>"; };
		47BE32421C6108C40021C6AD /* MeshMS2@2x.png */ = {isa = PBXFileReference; lastKnownFileType = image.png; path = "MeshMS2@2x.png"; sourceTree = "<group>"; };
		47BE32431C6108C40021C6AD /* RhizomeFiles.png */ = {isa = PBXFileReference; lastKnownFileType = image.png; path = RhizomeFiles.png; sourceTree = "<group>"; };
		47BE32441C6108C40021C6AD /* RhizomeFiles@2x.png */ = {isa = PBXFileReference; lastKnownFileType = image.png; path = "RhizomeFiles@2x.png"; sourceTree = "<group>"; };
		47BE32451C6108C40021C6AD /* Status.png */ = {isa = PBXFileReference; lastKnownFileType = image.png; path = Status.png; sourceTree = "<group>"; };
		47BE32461C6108C40021C6AD /* Status@2x.png */ = {isa = PBXFileReference; lastKnownFileType = image.png; path = "Status@2x.png"; sourceTree = "<group>"; };
		47C062521D36476300F12024 /* sqlite3.c */ = {isa = PBXFileReference; fileEncoding = 4; lastKnownFileType = sourcecode.c.c; name = sqlite3.c; path = "serval-ios/External/serval-dna/sqlite-amalgamation-3100200/sqlite3.c"; sourceTree = SOURCE_ROOT; };
		47C062531D36476300F12024 /* sqlite3.h */ = {isa = PBXFileReference; fileEncoding = 4; lastKnownFileType = sourcecode.c.h; name = sqlite3.h; path = "serval-ios/External/serval-dna/sqlite-amalgamation-3100200/sqlite3.h"; sourceTree = SOURCE_ROOT; };
		47C062541D36476300F12024 /* sqlite3ext.h */ = {isa = PBXFileReference; fileEncoding = 4; lastKnownFileType = sourcecode.c.h; name = sqlite3ext.h; path = "serval-ios/External/serval-dna/sqlite-amalgamation-3100200/sqlite3ext.h"; sourceTree = SOURCE_ROOT; };
		47C543841C554C2D00B37EA8 /* KeyValueTableViewController.h */ = {isa = PBXFileReference; fileEncoding = 4; lastKnownFileType = sourcecode.c.h; path = KeyValueTableViewController.h; sourceTree = "<group>"; };
		47C543851C554C2D00B37EA8 /* KeyValueTableViewController.m */ = {isa = PBXFileReference; fileEncoding = 4; lastKnownFileType = sourcecode.c.objc; path = KeyValueTableViewController.m; sourceTree = "<group>"; };
		47C5438D1C55639700B37EA8 /* UITabBarMostViewed@2x.png */ = {isa = PBXFileReference; lastKnownFileType = image.png; path = "UITabBarMostViewed@2x.png"; sourceTree = "<group>"; };
		47C5438E1C55639700B37EA8 /* UITabBarMore@2x.png */ = {isa = PBXFileReference; lastKnownFileType = image.png; path = "UITabBarMore@2x.png"; sourceTree = "<group>"; };
		47C5438F1C55639700B37EA8 /* UITabBarBookmarks@2x.png */ = {isa = PBXFileReference; lastKnownFileType = image.png; path = "UITabBarBookmarks@2x.png"; sourceTree = "<group>"; };
		47C543901C55639700B37EA8 /* UITabBarMostViewed.png */ = {isa = PBXFileReference; lastKnownFileType = image.png; path = UITabBarMostViewed.png; sourceTree = "<group>"; };
		47C543911C55639700B37EA8 /* UITabBarMore.png */ = {isa = PBXFileReference; lastKnownFileType = image.png; path = UITabBarMore.png; sourceTree = "<group>"; };
		47C543921C55639700B37EA8 /* UITabBarBookmarks.png */ = {isa = PBXFileReference; lastKnownFileType = image.png; path = UITabBarBookmarks.png; sourceTree = "<group>"; };
		47E100F11BFD316F00463F7F /* android.c */ = {isa = PBXFileReference; fileEncoding = 4; lastKnownFileType = sourcecode.c.c; path = android.c; sourceTree = "<group>"; };
		47E100F51BFD316F00463F7F /* check-in-out-return.c */ = {isa = PBXFileReference; fileEncoding = 4; lastKnownFileType = sourcecode.c.c; path = "check-in-out-return.c"; sourceTree = "<group>"; };
		47E100F61BFD316F00463F7F /* cli.c */ = {isa = PBXFileReference; fileEncoding = 4; lastKnownFileType = sourcecode.c.c; path = cli.c; sourceTree = "<group>"; };
		47E100F71BFD316F00463F7F /* cli.h */ = {isa = PBXFileReference; fileEncoding = 4; lastKnownFileType = sourcecode.c.h; path = cli.h; sourceTree = "<group>"; };
		47E100F81BFD316F00463F7F /* commandline.c */ = {isa = PBXFileReference; fileEncoding = 4; lastKnownFileType = sourcecode.c.c; path = commandline.c; sourceTree = "<group>"; };
		47E100F91BFD316F00463F7F /* commandline.h */ = {isa = PBXFileReference; fileEncoding = 4; lastKnownFileType = sourcecode.c.h; path = commandline.h; sourceTree = "<group>"; };
		47E100FA1BFD316F00463F7F /* conf.c */ = {isa = PBXFileReference; fileEncoding = 4; lastKnownFileType = sourcecode.c.c; path = conf.c; sourceTree = "<group>"; };
		47E100FB1BFD316F00463F7F /* conf.h */ = {isa = PBXFileReference; fileEncoding = 4; lastKnownFileType = sourcecode.c.h; path = conf.h; sourceTree = "<group>"; };
		47E100FC1BFD316F00463F7F /* conf_cli.c */ = {isa = PBXFileReference; fileEncoding = 4; lastKnownFileType = sourcecode.c.c; path = conf_cli.c; sourceTree = "<group>"; };
		47E100FD1BFD316F00463F7F /* conf_om.c */ = {isa = PBXFileReference; fileEncoding = 4; lastKnownFileType = sourcecode.c.c; path = conf_om.c; sourceTree = "<group>"; };
		47E100FE1BFD316F00463F7F /* conf_parse.c */ = {isa = PBXFileReference; fileEncoding = 4; lastKnownFileType = sourcecode.c.c; path = conf_parse.c; sourceTree = "<group>"; };
		47E100FF1BFD316F00463F7F /* conf_schema.c */ = {isa = PBXFileReference; fileEncoding = 4; lastKnownFileType = sourcecode.c.c; path = conf_schema.c; sourceTree = "<group>"; };
		47E101001BFD317000463F7F /* conf_schema.h */ = {isa = PBXFileReference; fileEncoding = 4; lastKnownFileType = sourcecode.c.h; path = conf_schema.h; sourceTree = "<group>"; };
		47E101041BFD317000463F7F /* console.c */ = {isa = PBXFileReference; fileEncoding = 4; lastKnownFileType = sourcecode.c.c; path = console.c; sourceTree = "<group>"; };
		47E101051BFD317000463F7F /* console.h */ = {isa = PBXFileReference; fileEncoding = 4; lastKnownFileType = sourcecode.c.h; path = console.h; sourceTree = "<group>"; };
		47E101061BFD317000463F7F /* constants.h */ = {isa = PBXFileReference; fileEncoding = 4; lastKnownFileType = sourcecode.c.h; path = constants.h; sourceTree = "<group>"; };
		47E101071BFD317000463F7F /* context1.c */ = {isa = PBXFileReference; fileEncoding = 4; lastKnownFileType = sourcecode.c.c; path = context1.c; sourceTree = "<group>"; };
		47E1010A1BFD317000463F7F /* crypto.c */ = {isa = PBXFileReference; fileEncoding = 4; lastKnownFileType = sourcecode.c.c; path = crypto.c; sourceTree = "<group>"; };
		47E1010B1BFD317000463F7F /* crypto.h */ = {isa = PBXFileReference; fileEncoding = 4; lastKnownFileType = sourcecode.c.h; path = crypto.h; sourceTree = "<group>"; };
		47E1010C1BFD317000463F7F /* dataformats.c */ = {isa = PBXFileReference; fileEncoding = 4; lastKnownFileType = sourcecode.c.c; path = dataformats.c; sourceTree = "<group>"; };
		47E1010D1BFD317000463F7F /* dataformats.h */ = {isa = PBXFileReference; fileEncoding = 4; lastKnownFileType = sourcecode.c.h; path = dataformats.h; sourceTree = "<group>"; };
		47E101141BFD317000463F7F /* debug.h */ = {isa = PBXFileReference; fileEncoding = 4; lastKnownFileType = sourcecode.c.h; path = debug.h; sourceTree = "<group>"; };
		47E101151BFD317000463F7F /* directory_client.c */ = {isa = PBXFileReference; fileEncoding = 4; lastKnownFileType = sourcecode.c.c; path = directory_client.c; sourceTree = "<group>"; };
		47E101161BFD317000463F7F /* directory_service.c */ = {isa = PBXFileReference; fileEncoding = 4; lastKnownFileType = sourcecode.c.c; path = directory_service.c; sourceTree = "<group>"; };
		47E101171BFD317000463F7F /* dna_helper.c */ = {isa = PBXFileReference; fileEncoding = 4; lastKnownFileType = sourcecode.c.c; path = dna_helper.c; sourceTree = "<group>"; };
		47E101261BFD317000463F7F /* fakeradio.c */ = {isa = PBXFileReference; fileEncoding = 4; lastKnownFileType = sourcecode.c.c; path = fakeradio.c; sourceTree = "<group>"; };
		47E101271BFD317000463F7F /* fdqueue.c */ = {isa = PBXFileReference; fileEncoding = 4; lastKnownFileType = sourcecode.c.c; path = fdqueue.c; sourceTree = "<group>"; };
		47E101281BFD317000463F7F /* fdqueue.h */ = {isa = PBXFileReference; fileEncoding = 4; lastKnownFileType = sourcecode.c.h; path = fdqueue.h; sourceTree = "<group>"; };
		47E1012A1BFD317000463F7F /* ccsds_tables.c */ = {isa = PBXFileReference; fileEncoding = 4; lastKnownFileType = sourcecode.c.c; path = ccsds_tables.c; sourceTree = "<group>"; };
		47E1012B1BFD317000463F7F /* char.h */ = {isa = PBXFileReference; fileEncoding = 4; lastKnownFileType = sourcecode.c.h; path = char.h; sourceTree = "<group>"; };
		47E1012C1BFD317000463F7F /* decode_rs.h */ = {isa = PBXFileReference; fileEncoding = 4; lastKnownFileType = sourcecode.c.h; path = decode_rs.h; sourceTree = "<group>"; };
		47E1012D1BFD317000463F7F /* decode_rs_8.c */ = {isa = PBXFileReference; fileEncoding = 4; lastKnownFileType = sourcecode.c.c; path = decode_rs_8.c; sourceTree = "<group>"; };
		47E1012E1BFD317000463F7F /* encode_rs.h */ = {isa = PBXFileReference; fileEncoding = 4; lastKnownFileType = sourcecode.c.h; path = encode_rs.h; sourceTree = "<group>"; };
		47E1012F1BFD317000463F7F /* encode_rs_8.c */ = {isa = PBXFileReference; fileEncoding = 4; lastKnownFileType = sourcecode.c.c; path = encode_rs_8.c; sourceTree = "<group>"; };
		47E101301BFD317000463F7F /* fec.h */ = {isa = PBXFileReference; fileEncoding = 4; lastKnownFileType = sourcecode.c.h; path = fec.h; sourceTree = "<group>"; };
		47E101311BFD317000463F7F /* fixed.h */ = {isa = PBXFileReference; fileEncoding = 4; lastKnownFileType = sourcecode.c.h; path = fixed.h; sourceTree = "<group>"; };
		47E101321BFD317000463F7F /* gen_ccsds.c */ = {isa = PBXFileReference; fileEncoding = 4; lastKnownFileType = sourcecode.c.c; path = gen_ccsds.c; sourceTree = "<group>"; };
		47E101331BFD317000463F7F /* init_rs.h */ = {isa = PBXFileReference; fileEncoding = 4; lastKnownFileType = sourcecode.c.h; path = init_rs.h; sourceTree = "<group>"; };
		47E101341BFD317000463F7F /* init_rs_char.c */ = {isa = PBXFileReference; fileEncoding = 4; lastKnownFileType = sourcecode.c.c; path = init_rs_char.c; sourceTree = "<group>"; };
		47E101351BFD317000463F7F /* main.c */ = {isa = PBXFileReference; fileEncoding = 4; lastKnownFileType = sourcecode.c.c; path = main.c; sourceTree = "<group>"; };
		47E101371BFD317000463F7F /* rs-common.h */ = {isa = PBXFileReference; fileEncoding = 4; lastKnownFileType = sourcecode.c.h; path = "rs-common.h"; sourceTree = "<group>"; };
		47E101381BFD317000463F7F /* fifo.h */ = {isa = PBXFileReference; fileEncoding = 4; lastKnownFileType = sourcecode.c.h; path = fifo.h; sourceTree = "<group>"; };
		47E101391BFD317000463F7F /* golay.c */ = {isa = PBXFileReference; fileEncoding = 4; lastKnownFileType = sourcecode.c.c; path = golay.c; sourceTree = "<group>"; };
		47E1013A1BFD317000463F7F /* golay.h */ = {isa = PBXFileReference; fileEncoding = 4; lastKnownFileType = sourcecode.c.h; path = golay.h; sourceTree = "<group>"; };
		47E1013D1BFD317000463F7F /* http_server.c */ = {isa = PBXFileReference; fileEncoding = 4; lastKnownFileType = sourcecode.c.c; path = http_server.c; sourceTree = "<group>"; };
		47E1013E1BFD317000463F7F /* http_server.h */ = {isa = PBXFileReference; fileEncoding = 4; lastKnownFileType = sourcecode.c.h; path = http_server.h; sourceTree = "<group>"; };
		47E1013F1BFD317000463F7F /* httpd.c */ = {isa = PBXFileReference; fileEncoding = 4; lastKnownFileType = sourcecode.c.c; path = httpd.c; sourceTree = "<group>"; };
		47E101401BFD317000463F7F /* httpd.h */ = {isa = PBXFileReference; fileEncoding = 4; lastKnownFileType = sourcecode.c.h; path = httpd.h; sourceTree = "<group>"; };
		47E101431BFD317000463F7F /* instance.c */ = {isa = PBXFileReference; fileEncoding = 4; lastKnownFileType = sourcecode.c.c; path = instance.c; sourceTree = "<group>"; };
		47E101441BFD317000463F7F /* instance.h */ = {isa = PBXFileReference; fileEncoding = 4; lastKnownFileType = sourcecode.c.h; path = instance.h; sourceTree = "<group>"; };
		47E101991BFD317000463F7F /* keyring.c */ = {isa = PBXFileReference; fileEncoding = 4; lastKnownFileType = sourcecode.c.c; path = keyring.c; sourceTree = "<group>"; };
		47E1019A1BFD317000463F7F /* keyring.h */ = {isa = PBXFileReference; fileEncoding = 4; lastKnownFileType = sourcecode.c.h; path = keyring.h; sourceTree = "<group>"; };
		47E1019B1BFD317000463F7F /* keyring_cli.c */ = {isa = PBXFileReference; fileEncoding = 4; lastKnownFileType = sourcecode.c.c; path = keyring_cli.c; sourceTree = "<group>"; };
		47E1019C1BFD317000463F7F /* keyring_restful.c */ = {isa = PBXFileReference; fileEncoding = 4; lastKnownFileType = sourcecode.c.c; path = keyring_restful.c; sourceTree = "<group>"; };
		47E1019E1BFD317000463F7F /* limit.c */ = {isa = PBXFileReference; fileEncoding = 4; lastKnownFileType = sourcecode.c.c; path = limit.c; sourceTree = "<group>"; };
		47E1019F1BFD317000463F7F /* limit.h */ = {isa = PBXFileReference; fileEncoding = 4; lastKnownFileType = sourcecode.c.h; path = limit.h; sourceTree = "<group>"; };
		47E101A01BFD317000463F7F /* log.c */ = {isa = PBXFileReference; fileEncoding = 4; lastKnownFileType = sourcecode.c.c; path = log.c; sourceTree = "<group>"; };
		47E101A11BFD317000463F7F /* log.h */ = {isa = PBXFileReference; fileEncoding = 4; lastKnownFileType = sourcecode.c.h; path = log.h; sourceTree = "<group>"; };
		47E101A21BFD317000463F7F /* log_context.c */ = {isa = PBXFileReference; fileEncoding = 4; lastKnownFileType = sourcecode.c.c; path = log_context.c; sourceTree = "<group>"; };
		47E101A31BFD317000463F7F /* log_stderr.c */ = {isa = PBXFileReference; fileEncoding = 4; lastKnownFileType = sourcecode.c.c; path = log_stderr.c; sourceTree = "<group>"; };
		47E101A41BFD317000463F7F /* log_util.c */ = {isa = PBXFileReference; fileEncoding = 4; lastKnownFileType = sourcecode.c.c; path = log_util.c; sourceTree = "<group>"; };
		47E101A51BFD317000463F7F /* logMessage.c */ = {isa = PBXFileReference; fileEncoding = 4; lastKnownFileType = sourcecode.c.c; path = logMessage.c; sourceTree = "<group>"; };
		47E101A61BFD317000463F7F /* lsif.c */ = {isa = PBXFileReference; fileEncoding = 4; lastKnownFileType = sourcecode.c.c; path = lsif.c; sourceTree = "<group>"; };
		47E101B81BFD317000463F7F /* mdp_client.c */ = {isa = PBXFileReference; fileEncoding = 4; lastKnownFileType = sourcecode.c.c; path = mdp_client.c; sourceTree = "<group>"; };
		47E101B91BFD317000463F7F /* mdp_client.h */ = {isa = PBXFileReference; fileEncoding = 4; lastKnownFileType = sourcecode.c.h; path = mdp_client.h; sourceTree = "<group>"; };
		47E101BA1BFD317000463F7F /* mdp_filter.c */ = {isa = PBXFileReference; fileEncoding = 4; lastKnownFileType = sourcecode.c.c; path = mdp_filter.c; sourceTree = "<group>"; };
		47E101BC1BFD317000463F7F /* mem.c */ = {isa = PBXFileReference; fileEncoding = 4; lastKnownFileType = sourcecode.c.c; path = mem.c; sourceTree = "<group>"; };
		47E101BD1BFD317000463F7F /* mem.h */ = {isa = PBXFileReference; fileEncoding = 4; lastKnownFileType = sourcecode.c.h; path = mem.h; sourceTree = "<group>"; };
		47E101BE1BFD317000463F7F /* meshms.c */ = {isa = PBXFileReference; fileEncoding = 4; lastKnownFileType = sourcecode.c.c; path = meshms.c; sourceTree = "<group>"; };
		47E101BF1BFD317000463F7F /* meshms.h */ = {isa = PBXFileReference; fileEncoding = 4; lastKnownFileType = sourcecode.c.h; path = meshms.h; sourceTree = "<group>"; };
		47E101C01BFD317000463F7F /* meshms_restful.c */ = {isa = PBXFileReference; fileEncoding = 4; lastKnownFileType = sourcecode.c.c; path = meshms_restful.c; sourceTree = "<group>"; };
		47E101C21BFD317000463F7F /* monitor-cli.c */ = {isa = PBXFileReference; fileEncoding = 4; lastKnownFileType = sourcecode.c.c; path = "monitor-cli.c"; sourceTree = "<group>"; };
		47E101C31BFD317000463F7F /* monitor-client.c */ = {isa = PBXFileReference; fileEncoding = 4; lastKnownFileType = sourcecode.c.c; path = "monitor-client.c"; sourceTree = "<group>"; };
		47E101C41BFD317000463F7F /* monitor-client.h */ = {isa = PBXFileReference; fileEncoding = 4; lastKnownFileType = sourcecode.c.h; path = "monitor-client.h"; sourceTree = "<group>"; };
		47E101C51BFD317000463F7F /* monitor.c */ = {isa = PBXFileReference; fileEncoding = 4; lastKnownFileType = sourcecode.c.c; path = monitor.c; sourceTree = "<group>"; };
		47E101C71BFD317000463F7F /* msp_client.c */ = {isa = PBXFileReference; fileEncoding = 4; lastKnownFileType = sourcecode.c.c; path = msp_client.c; sourceTree = "<group>"; };
		47E101C81BFD317000463F7F /* msp_client.h */ = {isa = PBXFileReference; fileEncoding = 4; lastKnownFileType = sourcecode.c.h; path = msp_client.h; sourceTree = "<group>"; };
		47E101C91BFD317000463F7F /* msp_proxy.c */ = {isa = PBXFileReference; fileEncoding = 4; lastKnownFileType = sourcecode.c.c; path = msp_proxy.c; sourceTree = "<group>"; };
		47E102AA1BFD317000463F7F /* net.c */ = {isa = PBXFileReference; fileEncoding = 4; lastKnownFileType = sourcecode.c.c; path = net.c; sourceTree = "<group>"; };
		47E102AB1BFD317000463F7F /* net.h */ = {isa = PBXFileReference; fileEncoding = 4; lastKnownFileType = sourcecode.c.h; path = net.h; sourceTree = "<group>"; };
		47E102AC1BFD317000463F7F /* network_cli.c */ = {isa = PBXFileReference; fileEncoding = 4; lastKnownFileType = sourcecode.c.c; path = network_cli.c; sourceTree = "<group>"; };
		47E102B11BFD317000463F7F /* os.c */ = {isa = PBXFileReference; fileEncoding = 4; lastKnownFileType = sourcecode.c.c; path = os.c; sourceTree = "<group>"; };
		47E102B21BFD317000463F7F /* os.h */ = {isa = PBXFileReference; fileEncoding = 4; lastKnownFileType = sourcecode.c.h; path = os.h; sourceTree = "<group>"; };
		47E102B31BFD317000463F7F /* overlay_address.c */ = {isa = PBXFileReference; fileEncoding = 4; lastKnownFileType = sourcecode.c.c; path = overlay_address.c; sourceTree = "<group>"; };
		47E102B41BFD317000463F7F /* overlay_address.h */ = {isa = PBXFileReference; fileEncoding = 4; lastKnownFileType = sourcecode.c.h; path = overlay_address.h; sourceTree = "<group>"; };
		47E102B51BFD317000463F7F /* overlay_buffer.c */ = {isa = PBXFileReference; fileEncoding = 4; lastKnownFileType = sourcecode.c.c; path = overlay_buffer.c; sourceTree = "<group>"; };
		47E102B61BFD317000463F7F /* overlay_buffer.h */ = {isa = PBXFileReference; fileEncoding = 4; lastKnownFileType = sourcecode.c.h; path = overlay_buffer.h; sourceTree = "<group>"; };
		47E102B71BFD317000463F7F /* overlay_interface.c */ = {isa = PBXFileReference; fileEncoding = 4; lastKnownFileType = sourcecode.c.c; path = overlay_interface.c; sourceTree = "<group>"; };
		47E102B81BFD317000463F7F /* overlay_interface.h */ = {isa = PBXFileReference; fileEncoding = 4; lastKnownFileType = sourcecode.c.h; path = overlay_interface.h; sourceTree = "<group>"; };
		47E102B91BFD317000463F7F /* overlay_link.c */ = {isa = PBXFileReference; fileEncoding = 4; lastKnownFileType = sourcecode.c.c; path = overlay_link.c; sourceTree = "<group>"; };
		47E102BA1BFD317000463F7F /* overlay_mdp.c */ = {isa = PBXFileReference; fileEncoding = 4; lastKnownFileType = sourcecode.c.c; path = overlay_mdp.c; sourceTree = "<group>"; };
		47E102BB1BFD317000463F7F /* overlay_mdp_services.c */ = {isa = PBXFileReference; fileEncoding = 4; lastKnownFileType = sourcecode.c.c; path = overlay_mdp_services.c; sourceTree = "<group>"; };
		47E102BC1BFD317000463F7F /* overlay_olsr.c */ = {isa = PBXFileReference; fileEncoding = 4; lastKnownFileType = sourcecode.c.c; path = overlay_olsr.c; sourceTree = "<group>"; };
		47E102BD1BFD317000463F7F /* overlay_packet.h */ = {isa = PBXFileReference; fileEncoding = 4; lastKnownFileType = sourcecode.c.h; path = overlay_packet.h; sourceTree = "<group>"; };
		47E102BE1BFD317000463F7F /* overlay_packetformats.c */ = {isa = PBXFileReference; fileEncoding = 4; lastKnownFileType = sourcecode.c.c; path = overlay_packetformats.c; sourceTree = "<group>"; };
		47E102BF1BFD317000463F7F /* overlay_packetradio.c */ = {isa = PBXFileReference; fileEncoding = 4; lastKnownFileType = sourcecode.c.c; path = overlay_packetradio.c; sourceTree = "<group>"; };
		47E102C01BFD317000463F7F /* overlay_payload.c */ = {isa = PBXFileReference; fileEncoding = 4; lastKnownFileType = sourcecode.c.c; path = overlay_payload.c; sourceTree = "<group>"; };
		47E102C11BFD317000463F7F /* overlay_queue.c */ = {isa = PBXFileReference; fileEncoding = 4; lastKnownFileType = sourcecode.c.c; path = overlay_queue.c; sourceTree = "<group>"; };
		47E102C21BFD317000463F7F /* performance_timing.c */ = {isa = PBXFileReference; fileEncoding = 4; lastKnownFileType = sourcecode.c.c; path = performance_timing.c; sourceTree = "<group>"; };
		47E102C31BFD317000463F7F /* radio_link.c */ = {isa = PBXFileReference; fileEncoding = 4; lastKnownFileType = sourcecode.c.c; path = radio_link.c; sourceTree = "<group>"; };
		47E102C41BFD317000463F7F /* radio_link.h */ = {isa = PBXFileReference; fileEncoding = 4; lastKnownFileType = sourcecode.c.h; path = radio_link.h; sourceTree = "<group>"; };
		47E102C71BFD317000463F7F /* rhizome.c */ = {isa = PBXFileReference; fileEncoding = 4; lastKnownFileType = sourcecode.c.c; path = rhizome.c; sourceTree = "<group>"; };
		47E102C81BFD317000463F7F /* rhizome.h */ = {isa = PBXFileReference; fileEncoding = 4; lastKnownFileType = sourcecode.c.h; path = rhizome.h; sourceTree = "<group>"; };
		47E102C91BFD317000463F7F /* rhizome_bundle.c */ = {isa = PBXFileReference; fileEncoding = 4; lastKnownFileType = sourcecode.c.c; path = rhizome_bundle.c; sourceTree = "<group>"; };
		47E102CA1BFD317000463F7F /* rhizome_cli.c */ = {isa = PBXFileReference; fileEncoding = 4; lastKnownFileType = sourcecode.c.c; path = rhizome_cli.c; sourceTree = "<group>"; };
		47E102CB1BFD317000463F7F /* rhizome_crypto.c */ = {isa = PBXFileReference; fileEncoding = 4; lastKnownFileType = sourcecode.c.c; path = rhizome_crypto.c; sourceTree = "<group>"; };
		47E102CC1BFD317000463F7F /* rhizome_database.c */ = {isa = PBXFileReference; fileEncoding = 4; lastKnownFileType = sourcecode.c.c; path = rhizome_database.c; sourceTree = "<group>"; };
		47E102CD1BFD317000463F7F /* rhizome_direct.c */ = {isa = PBXFileReference; fileEncoding = 4; lastKnownFileType = sourcecode.c.c; path = rhizome_direct.c; sourceTree = "<group>"; };
		47E102CE1BFD317000463F7F /* rhizome_direct_http.c */ = {isa = PBXFileReference; fileEncoding = 4; lastKnownFileType = sourcecode.c.c; path = rhizome_direct_http.c; sourceTree = "<group>"; };
		47E102CF1BFD317000463F7F /* rhizome_fetch.c */ = {isa = PBXFileReference; fileEncoding = 4; lastKnownFileType = sourcecode.c.c; path = rhizome_fetch.c; sourceTree = "<group>"; };
		47E102D01BFD317000463F7F /* rhizome_http.c */ = {isa = PBXFileReference; fileEncoding = 4; lastKnownFileType = sourcecode.c.c; path = rhizome_http.c; sourceTree = "<group>"; };
		47E102D11BFD317000463F7F /* rhizome_packetformats.c */ = {isa = PBXFileReference; fileEncoding = 4; lastKnownFileType = sourcecode.c.c; path = rhizome_packetformats.c; sourceTree = "<group>"; };
		47E102D21BFD317000463F7F /* rhizome_restful.c */ = {isa = PBXFileReference; fileEncoding = 4; lastKnownFileType = sourcecode.c.c; path = rhizome_restful.c; sourceTree = "<group>"; };
		47E102D31BFD317000463F7F /* rhizome_store.c */ = {isa = PBXFileReference; fileEncoding = 4; lastKnownFileType = sourcecode.c.c; path = rhizome_store.c; sourceTree = "<group>"; };
		47E102D41BFD317000463F7F /* rhizome_sync.c */ = {isa = PBXFileReference; fileEncoding = 4; lastKnownFileType = sourcecode.c.c; path = rhizome_sync.c; sourceTree = "<group>"; };
		47E102D51BFD317000463F7F /* rhizome_types.h */ = {isa = PBXFileReference; fileEncoding = 4; lastKnownFileType = sourcecode.c.h; path = rhizome_types.h; sourceTree = "<group>"; };
		47E102D61BFD317000463F7F /* rotbuf.c */ = {isa = PBXFileReference; fileEncoding = 4; lastKnownFileType = sourcecode.c.c; path = rotbuf.c; sourceTree = "<group>"; };
		47E102D71BFD317000463F7F /* rotbuf.h */ = {isa = PBXFileReference; fileEncoding = 4; lastKnownFileType = sourcecode.c.h; path = rotbuf.h; sourceTree = "<group>"; };
		47E102D81BFD317000463F7F /* route_link.c */ = {isa = PBXFileReference; fileEncoding = 4; lastKnownFileType = sourcecode.c.c; path = route_link.c; sourceTree = "<group>"; };
		47E102D91BFD317000463F7F /* route_link.h */ = {isa = PBXFileReference; fileEncoding = 4; lastKnownFileType = sourcecode.c.h; path = route_link.h; sourceTree = "<group>"; };
		47E102DA1BFD317000463F7F /* section.h */ = {isa = PBXFileReference; fileEncoding = 4; lastKnownFileType = sourcecode.c.h; path = section.h; sourceTree = "<group>"; };
		47E102DB1BFD317000463F7F /* serval.h */ = {isa = PBXFileReference; fileEncoding = 4; lastKnownFileType = sourcecode.c.h; path = serval.h; sourceTree = "<group>"; };
		47E102DC1BFD317000463F7F /* serval_packetvisualise.c */ = {isa = PBXFileReference; fileEncoding = 4; lastKnownFileType = sourcecode.c.c; path = serval_packetvisualise.c; sourceTree = "<group>"; };
		47E102DD1BFD317000463F7F /* serval_types.h */ = {isa = PBXFileReference; fileEncoding = 4; lastKnownFileType = sourcecode.c.h; path = serval_types.h; sourceTree = "<group>"; };
		47E102DE1BFD317000463F7F /* servalwrap.c */ = {isa = PBXFileReference; fileEncoding = 4; lastKnownFileType = sourcecode.c.c; path = servalwrap.c; sourceTree = "<group>"; };
		47E102DF1BFD317000463F7F /* server.c */ = {isa = PBXFileReference; fileEncoding = 4; lastKnownFileType = sourcecode.c.c; path = server.c; sourceTree = "<group>"; };
		47E102E01BFD317000463F7F /* server.h */ = {isa = PBXFileReference; fileEncoding = 4; lastKnownFileType = sourcecode.c.h; path = server.h; sourceTree = "<group>"; };
		47E102E11BFD317000463F7F /* server_httpd.c */ = {isa = PBXFileReference; fileEncoding = 4; lastKnownFileType = sourcecode.c.c; path = server_httpd.c; sourceTree = "<group>"; };
		47E102E41BFD317000463F7F /* sighandlers.c */ = {isa = PBXFileReference; fileEncoding = 4; lastKnownFileType = sourcecode.c.c; path = sighandlers.c; sourceTree = "<group>"; };
		47E102E51BFD317000463F7F /* sighandlers.h */ = {isa = PBXFileReference; fileEncoding = 4; lastKnownFileType = sourcecode.c.h; path = sighandlers.h; sourceTree = "<group>"; };
		47E102E61BFD317000463F7F /* simulator.c */ = {isa = PBXFileReference; fileEncoding = 4; lastKnownFileType = sourcecode.c.c; path = simulator.c; sourceTree = "<group>"; };
		47E102E71BFD317000463F7F /* simulator.h */ = {isa = PBXFileReference; fileEncoding = 4; lastKnownFileType = sourcecode.c.h; path = simulator.h; sourceTree = "<group>"; };
		47E102E81BFD317000463F7F /* socket.c */ = {isa = PBXFileReference; fileEncoding = 4; lastKnownFileType = sourcecode.c.c; path = socket.c; sourceTree = "<group>"; };
		47E102E91BFD317000463F7F /* socket.h */ = {isa = PBXFileReference; fileEncoding = 4; lastKnownFileType = sourcecode.c.h; path = socket.h; sourceTree = "<group>"; };
		47E102F01BFD317000463F7F /* str.c */ = {isa = PBXFileReference; fileEncoding = 4; lastKnownFileType = sourcecode.c.c; path = str.c; sourceTree = "<group>"; };
		47E102F11BFD317000463F7F /* str.h */ = {isa = PBXFileReference; fileEncoding = 4; lastKnownFileType = sourcecode.c.h; path = str.h; sourceTree = "<group>"; };
		47E102F21BFD317000463F7F /* strbuf.c */ = {isa = PBXFileReference; fileEncoding = 4; lastKnownFileType = sourcecode.c.c; path = strbuf.c; sourceTree = "<group>"; };
		47E102F31BFD317000463F7F /* strbuf.h */ = {isa = PBXFileReference; fileEncoding = 4; lastKnownFileType = sourcecode.c.h; path = strbuf.h; sourceTree = "<group>"; };
		47E102F41BFD317000463F7F /* strbuf_helpers.c */ = {isa = PBXFileReference; fileEncoding = 4; lastKnownFileType = sourcecode.c.c; path = strbuf_helpers.c; sourceTree = "<group>"; };
		47E102F51BFD317000463F7F /* strbuf_helpers.h */ = {isa = PBXFileReference; fileEncoding = 4; lastKnownFileType = sourcecode.c.h; path = strbuf_helpers.h; sourceTree = "<group>"; };
		47E102F61BFD317000463F7F /* strlcpy.c */ = {isa = PBXFileReference; fileEncoding = 4; lastKnownFileType = sourcecode.c.c; path = strlcpy.c; sourceTree = "<group>"; };
		47E102F71BFD317000463F7F /* strlcpy.h */ = {isa = PBXFileReference; fileEncoding = 4; lastKnownFileType = sourcecode.c.h; path = strlcpy.h; sourceTree = "<group>"; };
		47E102F81BFD317000463F7F /* test_cli.c */ = {isa = PBXFileReference; fileEncoding = 4; lastKnownFileType = sourcecode.c.c; path = test_cli.c; sourceTree = "<group>"; };
		47E103001BFD317000463F7F /* testnacl.c */ = {isa = PBXFileReference; fileEncoding = 4; lastKnownFileType = sourcecode.c.c; path = testnacl.c; sourceTree = "<group>"; };
		47E1031E1BFD317000463F7F /* tfw_createfile.c */ = {isa = PBXFileReference; fileEncoding = 4; lastKnownFileType = sourcecode.c.c; path = tfw_createfile.c; sourceTree = "<group>"; };
		47E1031F1BFD317000463F7F /* timeit.c */ = {isa = PBXFileReference; fileEncoding = 4; lastKnownFileType = sourcecode.c.c; path = timeit.c; sourceTree = "<group>"; };
		47E103201BFD317000463F7F /* trigger.h */ = {isa = PBXFileReference; fileEncoding = 4; lastKnownFileType = sourcecode.c.h; path = trigger.h; sourceTree = "<group>"; };
		47E103251BFD317000463F7F /* uuid.c */ = {isa = PBXFileReference; fileEncoding = 4; lastKnownFileType = sourcecode.c.c; path = uuid.c; sourceTree = "<group>"; };
		47E103271BFD317000463F7F /* version_servald.c */ = {isa = PBXFileReference; fileEncoding = 4; lastKnownFileType = sourcecode.c.c; path = version_servald.c; sourceTree = "<group>"; };
		47E103291BFD317000463F7F /* vomp.c */ = {isa = PBXFileReference; fileEncoding = 4; lastKnownFileType = sourcecode.c.c; path = vomp.c; sourceTree = "<group>"; };
		47E1032A1BFD317000463F7F /* vomp_console.c */ = {isa = PBXFileReference; fileEncoding = 4; lastKnownFileType = sourcecode.c.c; path = vomp_console.c; sourceTree = "<group>"; };
		47E1032B1BFD317000463F7F /* whence.c */ = {isa = PBXFileReference; fileEncoding = 4; lastKnownFileType = sourcecode.c.c; path = whence.c; sourceTree = "<group>"; };
		47E1032C1BFD317000463F7F /* whence.h */ = {isa = PBXFileReference; fileEncoding = 4; lastKnownFileType = sourcecode.c.h; path = whence.h; sourceTree = "<group>"; };
		47E103321BFD317000463F7F /* xprintf.c */ = {isa = PBXFileReference; fileEncoding = 4; lastKnownFileType = sourcecode.c.c; path = xprintf.c; sourceTree = "<group>"; };
		47E103331BFD317000463F7F /* xprintf.h */ = {isa = PBXFileReference; fileEncoding = 4; lastKnownFileType = sourcecode.c.h; path = xprintf.h; sourceTree = "<group>"; };
		47E104B41BFD340300463F7F /* confdefs.h */ = {isa = PBXFileReference; fileEncoding = 4; lastKnownFileType = sourcecode.c.h; path = confdefs.h; sourceTree = "<group>"; };
		47E104BC1BFD371800463F7F /* PrefixHeader.pch */ = {isa = PBXFileReference; fileEncoding = 4; lastKnownFileType = sourcecode.c.h; name = PrefixHeader.pch; path = ../PrefixHeader.pch; sourceTree = "<group>"; };
		47E1FCC21BFD2B7700463F7F /* serval-ios.app */ = {isa = PBXFileReference; explicitFileType = wrapper.application; includeInIndex = 0; path = "serval-ios.app"; sourceTree = BUILT_PRODUCTS_DIR; };
		47E1FCC61BFD2B7700463F7F /* main.m */ = {isa = PBXFileReference; lastKnownFileType = sourcecode.c.objc; path = main.m; sourceTree = "<group>"; };
		47E1FCC81BFD2B7700463F7F /* AppDelegate.h */ = {isa = PBXFileReference; lastKnownFileType = sourcecode.c.h; path = AppDelegate.h; sourceTree = "<group>"; };
		47E1FCC91BFD2B7700463F7F /* AppDelegate.m */ = {isa = PBXFileReference; lastKnownFileType = sourcecode.c.objc; path = AppDelegate.m; sourceTree = "<group>"; };
		47E1FCCB1BFD2B7700463F7F /* ViewController.h */ = {isa = PBXFileReference; lastKnownFileType = sourcecode.c.h; path = ViewController.h; sourceTree = "<group>"; };
		47E1FCCC1BFD2B7700463F7F /* ViewController.m */ = {isa = PBXFileReference; lastKnownFileType = sourcecode.c.objc; path = ViewController.m; sourceTree = "<group>"; };
		47E1FCCF1BFD2B7700463F7F /* Base */ = {isa = PBXFileReference; lastKnownFileType = file.storyboard; name = Base; path = Base.lproj/Main.storyboard; sourceTree = "<group>"; };
		47E1FCD11BFD2B7700463F7F /* Assets.xcassets */ = {isa = PBXFileReference; lastKnownFileType = folder.assetcatalog; path = Assets.xcassets; sourceTree = "<group>"; };
		47E1FCD41BFD2B7700463F7F /* Base */ = {isa = PBXFileReference; lastKnownFileType = file.storyboard; name = Base; path = Base.lproj/LaunchScreen.storyboard; sourceTree = "<group>"; };
		47E1FCD61BFD2B7700463F7F /* Info.plist */ = {isa = PBXFileReference; lastKnownFileType = text.plist.xml; path = Info.plist; sourceTree = "<group>"; };
		47E6ABAB1C53C8BB002FB36A /* LogViewController.h */ = {isa = PBXFileReference; fileEncoding = 4; lastKnownFileType = sourcecode.c.h; path = LogViewController.h; sourceTree = "<group>"; };
		47E6ABAC1C53C8BB002FB36A /* LogViewController.m */ = {isa = PBXFileReference; fileEncoding = 4; lastKnownFileType = sourcecode.c.objc; path = LogViewController.m; sourceTree = "<group>"; };
		47F4910E1C5FB80800E73710 /* ServalManager+RestfulRhizome.h */ = {isa = PBXFileReference; fileEncoding = 4; lastKnownFileType = sourcecode.c.h; path = "ServalManager+RestfulRhizome.h"; sourceTree = "<group>"; };
		47F4910F1C5FB80800E73710 /* ServalManager+RestfulRhizome.m */ = {isa = PBXFileReference; fileEncoding = 4; lastKnownFileType = sourcecode.c.objc; path = "ServalManager+RestfulRhizome.m"; sourceTree = "<group>"; };
		47F491111C5FB96400E73710 /* ServalManager+Restful.h */ = {isa = PBXFileReference; fileEncoding = 4; lastKnownFileType = sourcecode.c.h; path = "ServalManager+Restful.h"; sourceTree = "<group>"; };
		47F491121C5FB96400E73710 /* ServalManager+Restful.m */ = {isa = PBXFileReference; fileEncoding = 4; lastKnownFileType = sourcecode.c.objc; path = "ServalManager+Restful.m"; sourceTree = "<group>"; };
		47F491141C5FBA7400E73710 /* ServalIdentity.h */ = {isa = PBXFileReference; fileEncoding = 4; lastKnownFileType = sourcecode.c.h; path = ServalIdentity.h; sourceTree = "<group>"; };
		47F491151C5FBA7400E73710 /* ServalIdentity.m */ = {isa = PBXFileReference; fileEncoding = 4; lastKnownFileType = sourcecode.c.objc; path = ServalIdentity.m; sourceTree = "<group>"; };
		47F4911A1C5FCA6300E73710 /* ServalManager+RestfulMeshMS.h */ = {isa = PBXFileReference; fileEncoding = 4; lastKnownFileType = sourcecode.c.h; path = "ServalManager+RestfulMeshMS.h"; sourceTree = "<group>"; };
		47F4911B1C5FCA6300E73710 /* ServalManager+RestfulMeshMS.m */ = {isa = PBXFileReference; fileEncoding = 4; lastKnownFileType = sourcecode.c.objc; path = "ServalManager+RestfulMeshMS.m"; sourceTree = "<group>"; };
		47F4911D1C5FCB7C00E73710 /* MeshMSConversation.h */ = {isa = PBXFileReference; fileEncoding = 4; lastKnownFileType = sourcecode.c.h; path = MeshMSConversation.h; sourceTree = "<group>"; };
		47F4911E1C5FCB7C00E73710 /* MeshMSConversation.m */ = {isa = PBXFileReference; fileEncoding = 4; lastKnownFileType = sourcecode.c.objc; path = MeshMSConversation.m; sourceTree = "<group>"; };
		47F491201C5FCB8E00E73710 /* MeshMSMessage.h */ = {isa = PBXFileReference; fileEncoding = 4; lastKnownFileType = sourcecode.c.h; path = MeshMSMessage.h; sourceTree = "<group>"; };
		47F491211C5FCB8E00E73710 /* MeshMSMessage.m */ = {isa = PBXFileReference; fileEncoding = 4; lastKnownFileType = sourcecode.c.objc; path = MeshMSMessage.m; sourceTree = "<group>"; };
		47F491231C5FF20200E73710 /* MeshConversationViewController.h */ = {isa = PBXFileReference; fileEncoding = 4; lastKnownFileType = sourcecode.c.h; path = MeshConversationViewController.h; sourceTree = "<group>"; };
		47F491241C5FF20200E73710 /* MeshConversationViewController.m */ = {isa = PBXFileReference; fileEncoding = 4; lastKnownFileType = sourcecode.c.objc; path = MeshConversationViewController.m; sourceTree = "<group>"; };
		47FFC7371C5EAF6F005002CF /* MeshMSTableViewController.h */ = {isa = PBXFileReference; fileEncoding = 4; lastKnownFileType = sourcecode.c.h; path = MeshMSTableViewController.h; sourceTree = "<group>"; };
		47FFC7381C5EAF6F005002CF /* MeshMSTableViewController.m */ = {isa = PBXFileReference; fileEncoding = 4; lastKnownFileType = sourcecode.c.objc; path = MeshMSTableViewController.m; sourceTree = "<group>"; };
		9C566B699724C3ACC0D7457D /* Pods-serval-ios.release.xcconfig */ = {isa = PBXFileReference; includeInIndex = 1; lastKnownFileType = text.xcconfig; name = "Pods-serval-ios.release.xcconfig"; path = "Pods/Target Support Files/Pods-serval-ios/Pods-serval-ios.release.xcconfig"; sourceTree = "<group>"; };
		DA9402E56724867469547577 /* libPods-serval-ios.a */ = {isa = PBXFileReference; explicitFileType = archive.ar; includeInIndex = 0; path = "libPods-serval-ios.a"; sourceTree = BUILT_PRODUCTS_DIR; };
		DEDAAE9594703360B4EE48A7 /* Pods-serval-ios.debug.xcconfig */ = {isa = PBXFileReference; includeInIndex = 1; lastKnownFileType = text.xcconfig; name = "Pods-serval-ios.debug.xcconfig"; path = "Pods/Target Support Files/Pods-serval-ios/Pods-serval-ios.debug.xcconfig"; sourceTree = "<group>"; };
/* End PBXFileReference section */

/* Begin PBXFrameworksBuildPhase section */
		47E1FCBF1BFD2B7700463F7F /* Frameworks */ = {
			isa = PBXFrameworksBuildPhase;
			buildActionMask = 2147483647;
			files = (
				BD5D601C84DC094B07423C07 /* libPods-serval-ios.a in Frameworks */,
			);
			runOnlyForDeploymentPostprocessing = 0;
		};
/* End PBXFrameworksBuildPhase section */

/* Begin PBXGroup section */
		47248E6F1C5EC38800C63B62 /* Model */ = {
			isa = PBXGroup;
			children = (
				47248E6C1C5EC38100C63B62 /* RhizomeBundle.h */,
				47248E6D1C5EC38100C63B62 /* RhizomeBundle.m */,
				47F491141C5FBA7400E73710 /* ServalIdentity.h */,
				47F491151C5FBA7400E73710 /* ServalIdentity.m */,
				47F4911D1C5FCB7C00E73710 /* MeshMSConversation.h */,
				47F4911E1C5FCB7C00E73710 /* MeshMSConversation.m */,
				47F491201C5FCB8E00E73710 /* MeshMSMessage.h */,
				47F491211C5FCB8E00E73710 /* MeshMSMessage.m */,
			);
			name = Model;
			sourceTree = "<group>";
		};
		472C97391C22B63800688796 /* Controller */ = {
			isa = PBXGroup;
			children = (
				472C973A1C22B67900688796 /* ServalManager.h */,
				472C973B1C22B67900688796 /* ServalManager.m */,
				47F491111C5FB96400E73710 /* ServalManager+Restful.h */,
				47F491121C5FB96400E73710 /* ServalManager+Restful.m */,
				47F4910E1C5FB80800E73710 /* ServalManager+RestfulRhizome.h */,
				47F4910F1C5FB80800E73710 /* ServalManager+RestfulRhizome.m */,
				47F4911A1C5FCA6300E73710 /* ServalManager+RestfulMeshMS.h */,
				47F4911B1C5FCA6300E73710 /* ServalManager+RestfulMeshMS.m */,
			);
			name = Controller;
			sourceTree = "<group>";
		};
		479084DD1C547281002DF295 /* icons */ = {
			isa = PBXGroup;
			children = (
				47C543901C55639700B37EA8 /* UITabBarMostViewed.png */,
				47C5438D1C55639700B37EA8 /* UITabBarMostViewed@2x.png */,
				47C543911C55639700B37EA8 /* UITabBarMore.png */,
				47C5438E1C55639700B37EA8 /* UITabBarMore@2x.png */,
				47C543921C55639700B37EA8 /* UITabBarBookmarks.png */,
				47C5438F1C55639700B37EA8 /* UITabBarBookmarks@2x.png */,
				479084E01C5472CC002DF295 /* edit.png */,
				479084DE1C547291002DF295 /* folder.png */,
			);
			name = icons;
			sourceTree = "<group>";
		};
		47BE323C1C6108BC0021C6AD /* TabBarIcons */ = {
			isa = PBXGroup;
			children = (
				47BE323D1C6108C40021C6AD /* Log.png */,
				47BE323E1C6108C40021C6AD /* Log@2x.png */,
				47BE323F1C6108C40021C6AD /* MeshMS.png */,
				47BE32401C6108C40021C6AD /* MeshMS@2x.png */,
				47BE32411C6108C40021C6AD /* MeshMS2.png */,
				47BE32421C6108C40021C6AD /* MeshMS2@2x.png */,
				47BE32431C6108C40021C6AD /* RhizomeFiles.png */,
				47BE32441C6108C40021C6AD /* RhizomeFiles@2x.png */,
				47BE32451C6108C40021C6AD /* Status.png */,
				47BE32461C6108C40021C6AD /* Status@2x.png */,
			);
			name = TabBarIcons;
			sourceTree = "<group>";
		};
		47E100ED1BFD316F00463F7F /* serval-dna */ = {
			isa = PBXGroup;
			children = (
				47E104B21BFD32E000463F7F /* src */,
				47E104B11BFD32A200463F7F /* Headers */,
				47E101291BFD317000463F7F /* fec-3.0.1 */,
				47E102EB1BFD317000463F7F /* sqlite-amalgamation */,
			);
			name = "serval-dna";
			path = "serval-ios/External/serval-dna";
			sourceTree = "<group>";
		};
		47E101291BFD317000463F7F /* fec-3.0.1 */ = {
			isa = PBXGroup;
			children = (
				47E1012A1BFD317000463F7F /* ccsds_tables.c */,
				47E1012B1BFD317000463F7F /* char.h */,
				47E1012C1BFD317000463F7F /* decode_rs.h */,
				47E1012D1BFD317000463F7F /* decode_rs_8.c */,
				47E1012E1BFD317000463F7F /* encode_rs.h */,
				47E1012F1BFD317000463F7F /* encode_rs_8.c */,
				47E101301BFD317000463F7F /* fec.h */,
				47E101311BFD317000463F7F /* fixed.h */,
				47E101321BFD317000463F7F /* gen_ccsds.c */,
				47E101331BFD317000463F7F /* init_rs.h */,
				47E101341BFD317000463F7F /* init_rs_char.c */,
				47E101351BFD317000463F7F /* main.c */,
				47E101371BFD317000463F7F /* rs-common.h */,
			);
			path = "fec-3.0.1";
			sourceTree = "<group>";
		};
		47E102EB1BFD317000463F7F /* sqlite-amalgamation */ = {
			isa = PBXGroup;
			children = (
				47C062521D36476300F12024 /* sqlite3.c */,
				47C062531D36476300F12024 /* sqlite3.h */,
				47C062541D36476300F12024 /* sqlite3ext.h */,
			);
			name = "sqlite-amalgamation";
			path = "sqlite-amalgamation-3070900";
			sourceTree = "<group>";
		};
		47E104B11BFD32A200463F7F /* Headers */ = {
			isa = PBXGroup;
			children = (
				47E100F71BFD316F00463F7F /* cli.h */,
				47E100F91BFD316F00463F7F /* commandline.h */,
				47E100FB1BFD316F00463F7F /* conf.h */,
				47E101001BFD317000463F7F /* conf_schema.h */,
				47E101051BFD317000463F7F /* console.h */,
				47E101061BFD317000463F7F /* constants.h */,
				47E1010B1BFD317000463F7F /* crypto.h */,
				47E1010D1BFD317000463F7F /* dataformats.h */,
				47E101141BFD317000463F7F /* debug.h */,
				47E101281BFD317000463F7F /* fdqueue.h */,
				47E101381BFD317000463F7F /* fifo.h */,
				47E1013A1BFD317000463F7F /* golay.h */,
				47E1013E1BFD317000463F7F /* http_server.h */,
				47E101401BFD317000463F7F /* httpd.h */,
				47E101441BFD317000463F7F /* instance.h */,
				47E1019A1BFD317000463F7F /* keyring.h */,
				47E1019F1BFD317000463F7F /* limit.h */,
				47E101A11BFD317000463F7F /* log.h */,
				47E101B91BFD317000463F7F /* mdp_client.h */,
				47E101BD1BFD317000463F7F /* mem.h */,
				47E101BF1BFD317000463F7F /* meshms.h */,
				47E101C41BFD317000463F7F /* monitor-client.h */,
				47E101C81BFD317000463F7F /* msp_client.h */,
				47E102AB1BFD317000463F7F /* net.h */,
				47E102B21BFD317000463F7F /* os.h */,
				47E102B41BFD317000463F7F /* overlay_address.h */,
				47E102B61BFD317000463F7F /* overlay_buffer.h */,
				47E102B81BFD317000463F7F /* overlay_interface.h */,
				47E102BD1BFD317000463F7F /* overlay_packet.h */,
				47E102C41BFD317000463F7F /* radio_link.h */,
				47E102C81BFD317000463F7F /* rhizome.h */,
				47E102D51BFD317000463F7F /* rhizome_types.h */,
				47E102D71BFD317000463F7F /* rotbuf.h */,
				47E102D91BFD317000463F7F /* route_link.h */,
				47E102DA1BFD317000463F7F /* section.h */,
				47E102DB1BFD317000463F7F /* serval.h */,
				47E102DD1BFD317000463F7F /* serval_types.h */,
				47E102E01BFD317000463F7F /* server.h */,
				47E102E51BFD317000463F7F /* sighandlers.h */,
				47E102E71BFD317000463F7F /* simulator.h */,
				47E102E91BFD317000463F7F /* socket.h */,
				47E102F11BFD317000463F7F /* str.h */,
				47E102F31BFD317000463F7F /* strbuf.h */,
				47E102F51BFD317000463F7F /* strbuf_helpers.h */,
				47E102F71BFD317000463F7F /* strlcpy.h */,
				47E103201BFD317000463F7F /* trigger.h */,
				4783A8191C00B7A000C6039D /* uuid.h */,
				47E1032C1BFD317000463F7F /* whence.h */,
				47E103331BFD317000463F7F /* xprintf.h */,
			);
			name = Headers;
			sourceTree = "<group>";
		};
		47E104B21BFD32E000463F7F /* src */ = {
			isa = PBXGroup;
			children = (
				47E100F61BFD316F00463F7F /* cli.c */,
				47E100FA1BFD316F00463F7F /* conf.c */,
				47E100FD1BFD316F00463F7F /* conf_om.c */,
				47E100FE1BFD316F00463F7F /* conf_parse.c */,
				47E100FF1BFD316F00463F7F /* conf_schema.c */,
				47E101041BFD317000463F7F /* console.c */,
				47E1010C1BFD317000463F7F /* dataformats.c */,
				47E101271BFD317000463F7F /* fdqueue.c */,
				47E101431BFD317000463F7F /* instance.c */,
				47E1019E1BFD317000463F7F /* limit.c */,
				47E101A51BFD317000463F7F /* logMessage.c */,
				47E101A41BFD317000463F7F /* log_util.c */,
				47E101BC1BFD317000463F7F /* mem.c */,
				47E102AA1BFD317000463F7F /* net.c */,
				47E102B11BFD317000463F7F /* os.c */,
				47E102C21BFD317000463F7F /* performance_timing.c */,
				47E102D61BFD317000463F7F /* rotbuf.c */,
				47E102E41BFD317000463F7F /* sighandlers.c */,
				47E102E81BFD317000463F7F /* socket.c */,
				47E102F21BFD317000463F7F /* strbuf.c */,
				47E102F41BFD317000463F7F /* strbuf_helpers.c */,
				47E102F01BFD317000463F7F /* str.c */,
				47E102F61BFD317000463F7F /* strlcpy.c */,
				47E103251BFD317000463F7F /* uuid.c */,
				47E1032B1BFD317000463F7F /* whence.c */,
				47E103321BFD317000463F7F /* xprintf.c */,
				47E101B81BFD317000463F7F /* mdp_client.c */,
				47E100F81BFD316F00463F7F /* commandline.c */,
				47E100FC1BFD316F00463F7F /* conf_cli.c */,
				47E102CA1BFD317000463F7F /* rhizome_cli.c */,
				47E1019B1BFD317000463F7F /* keyring_cli.c */,
				47E102AC1BFD317000463F7F /* network_cli.c */,
				47E1010A1BFD317000463F7F /* crypto.c */,
				47E101151BFD317000463F7F /* directory_client.c */,
				47E101171BFD317000463F7F /* dna_helper.c */,
				47E101391BFD317000463F7F /* golay.c */,
				47E1013F1BFD317000463F7F /* httpd.c */,
				47E1013D1BFD317000463F7F /* http_server.c */,
				47E101991BFD317000463F7F /* keyring.c */,
				47E101A01BFD317000463F7F /* log.c */,
				47E101A61BFD317000463F7F /* lsif.c */,
				47E102C31BFD317000463F7F /* radio_link.c */,
				47E101BE1BFD317000463F7F /* meshms.c */,
				47E1019C1BFD317000463F7F /* keyring_restful.c */,
				47E101C01BFD317000463F7F /* meshms_restful.c */,
				47E101C71BFD317000463F7F /* msp_client.c */,
				47E101C91BFD317000463F7F /* msp_proxy.c */,
				47E101C51BFD317000463F7F /* monitor.c */,
				47E101C31BFD317000463F7F /* monitor-client.c */,
				47E101C21BFD317000463F7F /* monitor-cli.c */,
				47E102B31BFD317000463F7F /* overlay_address.c */,
				47E102B51BFD317000463F7F /* overlay_buffer.c */,
				47E102B71BFD317000463F7F /* overlay_interface.c */,
				47E102B91BFD317000463F7F /* overlay_link.c */,
				47E102BF1BFD317000463F7F /* overlay_packetradio.c */,
				47E102C11BFD317000463F7F /* overlay_queue.c */,
				47E102BA1BFD317000463F7F /* overlay_mdp.c */,
				47E102BB1BFD317000463F7F /* overlay_mdp_services.c */,
				47E101BA1BFD317000463F7F /* mdp_filter.c */,
				47E102BC1BFD317000463F7F /* overlay_olsr.c */,
				47E102BE1BFD317000463F7F /* overlay_packetformats.c */,
				47E102C01BFD317000463F7F /* overlay_payload.c */,
				47E102D81BFD317000463F7F /* route_link.c */,
				47E102C71BFD317000463F7F /* rhizome.c */,
				47E102C91BFD317000463F7F /* rhizome_bundle.c */,
				47E102CB1BFD317000463F7F /* rhizome_crypto.c */,
				47E102CC1BFD317000463F7F /* rhizome_database.c */,
				47E102CD1BFD317000463F7F /* rhizome_direct.c */,
				47E102CE1BFD317000463F7F /* rhizome_direct_http.c */,
				47E102CF1BFD317000463F7F /* rhizome_fetch.c */,
				47E102D01BFD317000463F7F /* rhizome_http.c */,
				47E102D21BFD317000463F7F /* rhizome_restful.c */,
				47E102D11BFD317000463F7F /* rhizome_packetformats.c */,
				47E102D31BFD317000463F7F /* rhizome_store.c */,
				47E102D41BFD317000463F7F /* rhizome_sync.c */,
				47E102DC1BFD317000463F7F /* serval_packetvisualise.c */,
				47E102DF1BFD317000463F7F /* server.c */,
				47E102E11BFD317000463F7F /* server_httpd.c */,
				47E103291BFD317000463F7F /* vomp.c */,
				47E1032A1BFD317000463F7F /* vomp_console.c */,
				47E105011BFD42A600463F7F /* unused */,
				47E103271BFD317000463F7F /* version_servald.c */,
			);
			name = src;
			sourceTree = "<group>";
		};
		47E105011BFD42A600463F7F /* unused */ = {
			isa = PBXGroup;
			children = (
				47E102F81BFD317000463F7F /* test_cli.c */,
				47E103001BFD317000463F7F /* testnacl.c */,
				47E1031E1BFD317000463F7F /* tfw_createfile.c */,
				47E1031F1BFD317000463F7F /* timeit.c */,
				47E102DE1BFD317000463F7F /* servalwrap.c */,
				47E102E61BFD317000463F7F /* simulator.c */,
				47E101A21BFD317000463F7F /* log_context.c */,
				47E101A31BFD317000463F7F /* log_stderr.c */,
				47E100F11BFD316F00463F7F /* android.c */,
				47E100F51BFD316F00463F7F /* check-in-out-return.c */,
				47E101071BFD317000463F7F /* context1.c */,
				47E101161BFD317000463F7F /* directory_service.c */,
				47E101261BFD317000463F7F /* fakeradio.c */,
			);
			name = unused;
			sourceTree = "<group>";
		};
		47E1FCB91BFD2B7700463F7F = {
			isa = PBXGroup;
			children = (
				47BE323C1C6108BC0021C6AD /* TabBarIcons */,
				479084DD1C547281002DF295 /* icons */,
				47E100ED1BFD316F00463F7F /* serval-dna */,
				47E1FCC41BFD2B7700463F7F /* serval-ios */,
				47E1FCC31BFD2B7700463F7F /* Products */,
				E0A7E7A87EB6A6ECE2B9D7D6 /* Pods */,
				D7EE54A3D1338C74BC5D828D /* Frameworks */,
			);
			sourceTree = "<group>";
		};
		47E1FCC31BFD2B7700463F7F /* Products */ = {
			isa = PBXGroup;
			children = (
				47E1FCC21BFD2B7700463F7F /* serval-ios.app */,
			);
			name = Products;
			sourceTree = "<group>";
		};
		47E1FCC41BFD2B7700463F7F /* serval-ios */ = {
			isa = PBXGroup;
			children = (
				47248E6F1C5EC38800C63B62 /* Model */,
				472C97391C22B63800688796 /* Controller */,
				47E6ABA61C53C713002FB36A /* ViewControllers */,
				4783A8231C00E42900C6039D /* serval.conf */,
				47E1FCC81BFD2B7700463F7F /* AppDelegate.h */,
				47E1FCC91BFD2B7700463F7F /* AppDelegate.m */,
				47E1FCCB1BFD2B7700463F7F /* ViewController.h */,
				47E1FCCC1BFD2B7700463F7F /* ViewController.m */,
				47E1FCCE1BFD2B7700463F7F /* Main.storyboard */,
				47E1FCD11BFD2B7700463F7F /* Assets.xcassets */,
				47E1FCD31BFD2B7700463F7F /* LaunchScreen.storyboard */,
				47E1FCD61BFD2B7700463F7F /* Info.plist */,
				47E1FCC51BFD2B7700463F7F /* Supporting Files */,
			);
			path = "serval-ios";
			sourceTree = "<group>";
		};
		47E1FCC51BFD2B7700463F7F /* Supporting Files */ = {
			isa = PBXGroup;
			children = (
				47E104BC1BFD371800463F7F /* PrefixHeader.pch */,
				47E104B41BFD340300463F7F /* confdefs.h */,
				4783A81C1C00D86F00C6039D /* paths-helper.h */,
				47E1FCC61BFD2B7700463F7F /* main.m */,
				4783A81B1C00D86F00C6039D /* paths-helper.c */,
			);
			name = "Supporting Files";
			sourceTree = "<group>";
		};
		47E6ABA61C53C713002FB36A /* ViewControllers */ = {
			isa = PBXGroup;
			children = (
				472C97361C22AD6600688796 /* RhizomeFilesTableViewController.h */,
				472C97371C22AD6600688796 /* RhizomeFilesTableViewController.m */,
				479084D71C5460A7002DF295 /* RhizomeFileDetailViewController.h */,
				479084D81C5460A7002DF295 /* RhizomeFileDetailViewController.m */,
				47FFC7371C5EAF6F005002CF /* MeshMSTableViewController.h */,
				47FFC7381C5EAF6F005002CF /* MeshMSTableViewController.m */,
				47F491231C5FF20200E73710 /* MeshConversationViewController.h */,
				47F491241C5FF20200E73710 /* MeshConversationViewController.m */,
				47E6ABAB1C53C8BB002FB36A /* LogViewController.h */,
				47E6ABAC1C53C8BB002FB36A /* LogViewController.m */,
				479084DA1C546B89002DF295 /* ServalStatusViewController.h */,
				479084DB1C546B89002DF295 /* ServalStatusViewController.m */,
				47C543841C554C2D00B37EA8 /* KeyValueTableViewController.h */,
				47C543851C554C2D00B37EA8 /* KeyValueTableViewController.m */,
			);
			name = ViewControllers;
			sourceTree = "<group>";
		};
		D7EE54A3D1338C74BC5D828D /* Frameworks */ = {
			isa = PBXGroup;
			children = (
				DA9402E56724867469547577 /* libPods-serval-ios.a */,
			);
			name = Frameworks;
			sourceTree = "<group>";
		};
		E0A7E7A87EB6A6ECE2B9D7D6 /* Pods */ = {
			isa = PBXGroup;
			children = (
				DEDAAE9594703360B4EE48A7 /* Pods-serval-ios.debug.xcconfig */,
				9C566B699724C3ACC0D7457D /* Pods-serval-ios.release.xcconfig */,
			);
			name = Pods;
			sourceTree = "<group>";
		};
/* End PBXGroup section */

/* Begin PBXNativeTarget section */
		47E1FCC11BFD2B7700463F7F /* serval-ios */ = {
			isa = PBXNativeTarget;
			buildConfigurationList = 47E1FCD91BFD2B7700463F7F /* Build configuration list for PBXNativeTarget "serval-ios" */;
			buildPhases = (
				6B9222FD7F6D278C2A3D68B5 /* [CP] Check Pods Manifest.lock */,
				47E1FCBE1BFD2B7700463F7F /* Sources */,
				47E1FCBF1BFD2B7700463F7F /* Frameworks */,
				47E1FCC01BFD2B7700463F7F /* Resources */,
				0698D66A5196647488B00E95 /* [CP] Embed Pods Frameworks */,
				456437501803972459932901 /* [CP] Copy Pods Resources */,
			);
			buildRules = (
			);
			dependencies = (
			);
			name = "serval-ios";
			productName = "serval-ios";
			productReference = 47E1FCC21BFD2B7700463F7F /* serval-ios.app */;
			productType = "com.apple.product-type.application";
		};
/* End PBXNativeTarget section */

/* Begin PBXProject section */
		47E1FCBA1BFD2B7700463F7F /* Project object */ = {
			isa = PBXProject;
			attributes = {
				LastUpgradeCheck = 0710;
				ORGANIZATIONNAME = "Jonas Höchst";
				TargetAttributes = {
					47E1FCC11BFD2B7700463F7F = {
						CreatedOnToolsVersion = 7.1.1;
						DevelopmentTeam = S2M4R3QVMR;
					};
				};
			};
			buildConfigurationList = 47E1FCBD1BFD2B7700463F7F /* Build configuration list for PBXProject "serval-ios" */;
			compatibilityVersion = "Xcode 3.2";
			developmentRegion = English;
			hasScannedForEncodings = 0;
			knownRegions = (
				en,
				Base,
			);
			mainGroup = 47E1FCB91BFD2B7700463F7F;
			productRefGroup = 47E1FCC31BFD2B7700463F7F /* Products */;
			projectDirPath = "";
			projectRoot = "";
			targets = (
				47E1FCC11BFD2B7700463F7F /* serval-ios */,
			);
		};
/* End PBXProject section */

/* Begin PBXResourcesBuildPhase section */
		47E1FCC01BFD2B7700463F7F /* Resources */ = {
			isa = PBXResourcesBuildPhase;
			buildActionMask = 2147483647;
			files = (
				47BE324D1C6108C40021C6AD /* RhizomeFiles.png in Resources */,
				47BE324E1C6108C40021C6AD /* RhizomeFiles@2x.png in Resources */,
				47E1FCD51BFD2B7700463F7F /* LaunchScreen.storyboard in Resources */,
				479084DF1C547291002DF295 /* folder.png in Resources */,
				47BE324C1C6108C40021C6AD /* MeshMS2@2x.png in Resources */,
				47C543951C55639700B37EA8 /* UITabBarBookmarks@2x.png in Resources */,
				47BE324B1C6108C40021C6AD /* MeshMS2.png in Resources */,
				47C543981C55639700B37EA8 /* UITabBarBookmarks.png in Resources */,
				47BE32501C6108C40021C6AD /* Status@2x.png in Resources */,
				47BE32491C6108C40021C6AD /* MeshMS.png in Resources */,
				47E1FCD21BFD2B7700463F7F /* Assets.xcassets in Resources */,
				47E1FCD01BFD2B7700463F7F /* Main.storyboard in Resources */,
				47BE324A1C6108C40021C6AD /* MeshMS@2x.png in Resources */,
				47BE324F1C6108C40021C6AD /* Status.png in Resources */,
				47BE32471C6108C40021C6AD /* Log.png in Resources */,
				4783A8251C00E50700C6039D /* serval.conf in Resources */,
				47C543961C55639700B37EA8 /* UITabBarMostViewed.png in Resources */,
				47C543971C55639700B37EA8 /* UITabBarMore.png in Resources */,
				47C543941C55639700B37EA8 /* UITabBarMore@2x.png in Resources */,
				47BE32481C6108C40021C6AD /* Log@2x.png in Resources */,
				47C543931C55639700B37EA8 /* UITabBarMostViewed@2x.png in Resources */,
				479084E11C5472CC002DF295 /* edit.png in Resources */,
			);
			runOnlyForDeploymentPostprocessing = 0;
		};
/* End PBXResourcesBuildPhase section */

/* Begin PBXShellScriptBuildPhase section */
		0698D66A5196647488B00E95 /* [CP] Embed Pods Frameworks */ = {
			isa = PBXShellScriptBuildPhase;
			buildActionMask = 2147483647;
			files = (
			);
			inputPaths = (
			);
			name = "[CP] Embed Pods Frameworks";
			outputPaths = (
			);
			runOnlyForDeploymentPostprocessing = 0;
			shellPath = /bin/sh;
			shellScript = "\"${SRCROOT}/Pods/Target Support Files/Pods-serval-ios/Pods-serval-ios-frameworks.sh\"\n";
			showEnvVarsInLog = 0;
		};
		456437501803972459932901 /* [CP] Copy Pods Resources */ = {
			isa = PBXShellScriptBuildPhase;
			buildActionMask = 2147483647;
			files = (
			);
			inputPaths = (
			);
			name = "[CP] Copy Pods Resources";
			outputPaths = (
			);
			runOnlyForDeploymentPostprocessing = 0;
			shellPath = /bin/sh;
			shellScript = "\"${SRCROOT}/Pods/Target Support Files/Pods-serval-ios/Pods-serval-ios-resources.sh\"\n";
			showEnvVarsInLog = 0;
		};
		6B9222FD7F6D278C2A3D68B5 /* [CP] Check Pods Manifest.lock */ = {
			isa = PBXShellScriptBuildPhase;
			buildActionMask = 2147483647;
			files = (
			);
			inputPaths = (
			);
			name = "[CP] Check Pods Manifest.lock";
			outputPaths = (
			);
			runOnlyForDeploymentPostprocessing = 0;
			shellPath = /bin/sh;
			shellScript = "diff \"${PODS_ROOT}/../Podfile.lock\" \"${PODS_ROOT}/Manifest.lock\" > /dev/null\nif [ $? != 0 ] ; then\n    # print error to STDERR\n    echo \"error: The sandbox is not in sync with the Podfile.lock. Run 'pod install' or update your CocoaPods installation.\" >&2\n    exit 1\nfi\n";
			showEnvVarsInLog = 0;
		};
/* End PBXShellScriptBuildPhase section */

/* Begin PBXSourcesBuildPhase section */
		47E1FCBE1BFD2B7700463F7F /* Sources */ = {
			isa = PBXSourcesBuildPhase;
			buildActionMask = 2147483647;
			files = (
				4783A81E1C00E03800C6039D /* main.m in Sources */,
				4783A81F1C00E0B100C6039D /* AppDelegate.m in Sources */,
				4783A8201C00E0B200C6039D /* ViewController.m in Sources */,
				479084DC1C546B89002DF295 /* ServalStatusViewController.m in Sources */,
				47C543861C554C2D00B37EA8 /* KeyValueTableViewController.m in Sources */,
				47F4911C1C5FCA6300E73710 /* ServalManager+RestfulMeshMS.m in Sources */,
				47FFC7391C5EAF6F005002CF /* MeshMSTableViewController.m in Sources */,
				47E6ABAD1C53C8BB002FB36A /* LogViewController.m in Sources */,
				47248E6E1C5EC38100C63B62 /* RhizomeBundle.m in Sources */,
				479084D91C5460A7002DF295 /* RhizomeFileDetailViewController.m in Sources */,
				47F491221C5FCB8E00E73710 /* MeshMSMessage.m in Sources */,
				47E105021BFD434C00463F7F /* cli.c in Sources */,
				47E105031BFD434C00463F7F /* conf.c in Sources */,
				472C973C1C22B67900688796 /* ServalManager.m in Sources */,
				47E105041BFD434C00463F7F /* conf_om.c in Sources */,
				47E105051BFD434C00463F7F /* conf_parse.c in Sources */,
				47E105061BFD434C00463F7F /* conf_schema.c in Sources */,
				47E105071BFD434C00463F7F /* console.c in Sources */,
				47E105081BFD434C00463F7F /* dataformats.c in Sources */,
				47E105091BFD434C00463F7F /* fdqueue.c in Sources */,
				47E1050A1BFD434C00463F7F /* instance.c in Sources */,
				47E1050B1BFD434C00463F7F /* limit.c in Sources */,
				47E1050C1BFD434C00463F7F /* logMessage.c in Sources */,
				47E1050D1BFD434C00463F7F /* log_util.c in Sources */,
				47E1050E1BFD434C00463F7F /* mem.c in Sources */,
				47E1050F1BFD434C00463F7F /* net.c in Sources */,
				4783A81D1C00D86F00C6039D /* paths-helper.c in Sources */,
				47F491131C5FB96400E73710 /* ServalManager+Restful.m in Sources */,
				47E105101BFD434C00463F7F /* os.c in Sources */,
				47E105111BFD434C00463F7F /* performance_timing.c in Sources */,
				47E105131BFD434C00463F7F /* rotbuf.c in Sources */,
				47E105141BFD434C00463F7F /* sighandlers.c in Sources */,
				47E105151BFD434C00463F7F /* socket.c in Sources */,
				47E105171BFD434C00463F7F /* strbuf.c in Sources */,
				47C062561D36476300F12024 /* sqlite3.c in Sources */,
				47E105181BFD434C00463F7F /* strbuf_helpers.c in Sources */,
				47E105191BFD434C00463F7F /* str.c in Sources */,
				47E1051A1BFD434C00463F7F /* strlcpy.c in Sources */,
				47E1051C1BFD434C00463F7F /* uuid.c in Sources */,
				47E1051D1BFD434C00463F7F /* whence.c in Sources */,
				47E1051E1BFD434C00463F7F /* xprintf.c in Sources */,
				47E1051F1BFD434C00463F7F /* mdp_client.c in Sources */,
				47E105211BFD434C00463F7F /* commandline.c in Sources */,
				47E105221BFD434C00463F7F /* conf_cli.c in Sources */,
				47E105231BFD434C00463F7F /* rhizome_cli.c in Sources */,
				47E105241BFD434C00463F7F /* keyring_cli.c in Sources */,
				472C97381C22AD6600688796 /* RhizomeFilesTableViewController.m in Sources */,
				47E105251BFD434C00463F7F /* network_cli.c in Sources */,
				47E105261BFD434C00463F7F /* crypto.c in Sources */,
				47E105271BFD434C00463F7F /* directory_client.c in Sources */,
				47E105281BFD434C00463F7F /* dna_helper.c in Sources */,
				47E105291BFD434C00463F7F /* golay.c in Sources */,
				47E1052A1BFD434C00463F7F /* httpd.c in Sources */,
				47E1052B1BFD434C00463F7F /* http_server.c in Sources */,
				47E1052C1BFD434C00463F7F /* keyring.c in Sources */,
				47E1052D1BFD434C00463F7F /* log.c in Sources */,
				47E1052E1BFD434C00463F7F /* lsif.c in Sources */,
				47E105301BFD434C00463F7F /* radio_link.c in Sources */,
				47E105311BFD434C00463F7F /* meshms.c in Sources */,
				47E105321BFD434C00463F7F /* keyring_restful.c in Sources */,
				47E105331BFD434C00463F7F /* meshms_restful.c in Sources */,
				47E105341BFD434C00463F7F /* msp_client.c in Sources */,
				47E105351BFD434C00463F7F /* msp_proxy.c in Sources */,
				47F491161C5FBA7400E73710 /* ServalIdentity.m in Sources */,
				47E105361BFD434C00463F7F /* monitor.c in Sources */,
				47E105371BFD434C00463F7F /* monitor-client.c in Sources */,
				47E105381BFD434C00463F7F /* monitor-cli.c in Sources */,
				47E105391BFD434C00463F7F /* overlay_address.c in Sources */,
				47F491251C5FF20200E73710 /* MeshConversationViewController.m in Sources */,
				47E1053A1BFD434C00463F7F /* overlay_buffer.c in Sources */,
				47E1053B1BFD434C00463F7F /* overlay_interface.c in Sources */,
				47E1053C1BFD434C00463F7F /* overlay_link.c in Sources */,
				47F491101C5FB80800E73710 /* ServalManager+RestfulRhizome.m in Sources */,
				47E1053D1BFD434C00463F7F /* overlay_packetradio.c in Sources */,
				47E1053E1BFD434C00463F7F /* overlay_queue.c in Sources */,
				47E1053F1BFD434C00463F7F /* overlay_mdp.c in Sources */,
				47E105401BFD434C00463F7F /* overlay_mdp_services.c in Sources */,
				47E105411BFD434C00463F7F /* mdp_filter.c in Sources */,
				47E105421BFD434C00463F7F /* overlay_olsr.c in Sources */,
				47E105431BFD434C00463F7F /* overlay_packetformats.c in Sources */,
				47E105441BFD434C00463F7F /* overlay_payload.c in Sources */,
				47E105451BFD434C00463F7F /* route_link.c in Sources */,
				47E105461BFD434C00463F7F /* rhizome.c in Sources */,
				47E105471BFD434C00463F7F /* rhizome_bundle.c in Sources */,
				47E105481BFD434C00463F7F /* rhizome_crypto.c in Sources */,
				47E105491BFD434C00463F7F /* rhizome_database.c in Sources */,
				47E1054A1BFD434C00463F7F /* rhizome_direct.c in Sources */,
				47E1054B1BFD434C00463F7F /* rhizome_direct_http.c in Sources */,
				47E1054C1BFD434C00463F7F /* rhizome_fetch.c in Sources */,
				47E1054D1BFD434C00463F7F /* rhizome_http.c in Sources */,
				47E1054E1BFD434C00463F7F /* rhizome_restful.c in Sources */,
				47E1054F1BFD434C00463F7F /* rhizome_packetformats.c in Sources */,
				47E105501BFD434C00463F7F /* rhizome_store.c in Sources */,
				47E105511BFD434C00463F7F /* rhizome_sync.c in Sources */,
				47E105521BFD434C00463F7F /* serval_packetvisualise.c in Sources */,
				47E105531BFD434C00463F7F /* server.c in Sources */,
				47E105541BFD434C00463F7F /* server_httpd.c in Sources */,
				47F4911F1C5FCB7C00E73710 /* MeshMSConversation.m in Sources */,
				47E105551BFD434C00463F7F /* vomp.c in Sources */,
				47E105561BFD434C00463F7F /* vomp_console.c in Sources */,
				47E105571BFD436900463F7F /* ccsds_tables.c in Sources */,
				47E105581BFD436900463F7F /* decode_rs_8.c in Sources */,
				47E105591BFD436900463F7F /* encode_rs_8.c in Sources */,
				47E1055A1BFD436900463F7F /* init_rs_char.c in Sources */,
				47E1055B1BFDCEA000463F7F /* version_servald.c in Sources */,
			);
			runOnlyForDeploymentPostprocessing = 0;
		};
/* End PBXSourcesBuildPhase section */

/* Begin PBXVariantGroup section */
		47E1FCCE1BFD2B7700463F7F /* Main.storyboard */ = {
			isa = PBXVariantGroup;
			children = (
				47E1FCCF1BFD2B7700463F7F /* Base */,
			);
			name = Main.storyboard;
			sourceTree = "<group>";
		};
		47E1FCD31BFD2B7700463F7F /* LaunchScreen.storyboard */ = {
			isa = PBXVariantGroup;
			children = (
				47E1FCD41BFD2B7700463F7F /* Base */,
			);
			name = LaunchScreen.storyboard;
			sourceTree = "<group>";
		};
/* End PBXVariantGroup section */

/* Begin XCBuildConfiguration section */
		47E1FCD71BFD2B7700463F7F /* Debug */ = {
			isa = XCBuildConfiguration;
			buildSettings = {
				ALWAYS_SEARCH_USER_PATHS = YES;
				CLANG_CXX_LANGUAGE_STANDARD = "gnu++0x";
				CLANG_CXX_LIBRARY = "libc++";
				CLANG_ENABLE_MODULES = YES;
				CLANG_ENABLE_OBJC_ARC = YES;
				CLANG_WARN_BOOL_CONVERSION = YES;
				CLANG_WARN_CONSTANT_CONVERSION = YES;
				CLANG_WARN_DIRECT_OBJC_ISA_USAGE = YES_ERROR;
				CLANG_WARN_EMPTY_BODY = YES;
				CLANG_WARN_ENUM_CONVERSION = YES;
				CLANG_WARN_INT_CONVERSION = YES;
				CLANG_WARN_OBJC_ROOT_CLASS = YES_ERROR;
				CLANG_WARN_UNREACHABLE_CODE = YES;
				CLANG_WARN__DUPLICATE_METHOD_MATCH = YES;
				"CODE_SIGN_IDENTITY[sdk=iphoneos*]" = "iPhone Developer";
				COPY_PHASE_STRIP = NO;
				DEBUG_INFORMATION_FORMAT = dwarf;
				ENABLE_STRICT_OBJC_MSGSEND = YES;
				ENABLE_TESTABILITY = YES;
				FRAMEWORK_SEARCH_PATHS = "";
				GCC_C_LANGUAGE_STANDARD = gnu99;
				GCC_DYNAMIC_NO_PIC = NO;
				GCC_NO_COMMON_BLOCKS = YES;
				GCC_OPTIMIZATION_LEVEL = 0;
				GCC_PREFIX_HEADER = PrefixHeader.pch;
				GCC_PREPROCESSOR_DEFINITIONS = "$(inherited)";
				GCC_WARN_64_TO_32_BIT_CONVERSION = YES;
				GCC_WARN_ABOUT_RETURN_TYPE = YES_ERROR;
				GCC_WARN_UNDECLARED_SELECTOR = YES;
				GCC_WARN_UNINITIALIZED_AUTOS = YES_AGGRESSIVE;
				GCC_WARN_UNUSED_FUNCTION = YES;
				GCC_WARN_UNUSED_VARIABLE = YES;
				HEADER_SEARCH_PATHS = (
					"$(inherited)",
					"$(SRCROOT)/External/serval-dna",
					"$(SRCROOT)/External/serval-dna/ios",
				);
				IPHONEOS_DEPLOYMENT_TARGET = 9.1;
				MACH_O_TYPE = mh_execute;
				MTL_ENABLE_DEBUG_INFO = YES;
				ONLY_ACTIVE_ARCH = YES;
				OTHER_LDFLAGS = "-ObjC";
				SDKROOT = iphoneos;
			};
			name = Debug;
		};
		47E1FCD81BFD2B7700463F7F /* Release */ = {
			isa = XCBuildConfiguration;
			buildSettings = {
				ALWAYS_SEARCH_USER_PATHS = YES;
				CLANG_CXX_LANGUAGE_STANDARD = "gnu++0x";
				CLANG_CXX_LIBRARY = "libc++";
				CLANG_ENABLE_MODULES = YES;
				CLANG_ENABLE_OBJC_ARC = YES;
				CLANG_WARN_BOOL_CONVERSION = YES;
				CLANG_WARN_CONSTANT_CONVERSION = YES;
				CLANG_WARN_DIRECT_OBJC_ISA_USAGE = YES_ERROR;
				CLANG_WARN_EMPTY_BODY = YES;
				CLANG_WARN_ENUM_CONVERSION = YES;
				CLANG_WARN_INT_CONVERSION = YES;
				CLANG_WARN_OBJC_ROOT_CLASS = YES_ERROR;
				CLANG_WARN_UNREACHABLE_CODE = YES;
				CLANG_WARN__DUPLICATE_METHOD_MATCH = YES;
				"CODE_SIGN_IDENTITY[sdk=iphoneos*]" = "iPhone Developer";
				COPY_PHASE_STRIP = NO;
				DEBUG_INFORMATION_FORMAT = "dwarf-with-dsym";
				ENABLE_NS_ASSERTIONS = NO;
				ENABLE_STRICT_OBJC_MSGSEND = YES;
				FRAMEWORK_SEARCH_PATHS = "";
				GCC_C_LANGUAGE_STANDARD = gnu99;
				GCC_NO_COMMON_BLOCKS = YES;
				GCC_PREFIX_HEADER = PrefixHeader.pch;
				GCC_WARN_64_TO_32_BIT_CONVERSION = YES;
				GCC_WARN_ABOUT_RETURN_TYPE = YES_ERROR;
				GCC_WARN_UNDECLARED_SELECTOR = YES;
				GCC_WARN_UNINITIALIZED_AUTOS = YES_AGGRESSIVE;
				GCC_WARN_UNUSED_FUNCTION = YES;
				GCC_WARN_UNUSED_VARIABLE = YES;
				HEADER_SEARCH_PATHS = (
					"$(inherited)",
					"$(SRCROOT)/External/serval-dna",
					"$(SRCROOT)/External/serval-dna/ios",
				);
				IPHONEOS_DEPLOYMENT_TARGET = 9.1;
				MACH_O_TYPE = mh_execute;
				MTL_ENABLE_DEBUG_INFO = NO;
				OTHER_LDFLAGS = "-ObjC";
				SDKROOT = iphoneos;
				VALIDATE_PRODUCT = YES;
			};
			name = Release;
		};
		47E1FCDA1BFD2B7700463F7F /* Debug */ = {
			isa = XCBuildConfiguration;
			baseConfigurationReference = DEDAAE9594703360B4EE48A7 /* Pods-serval-ios.debug.xcconfig */;
			buildSettings = {
				ALWAYS_SEARCH_USER_PATHS = YES;
				ASSETCATALOG_COMPILER_APPICON_NAME = AppIcon;
				CLANG_CXX_LANGUAGE_STANDARD = "compiler-default";
				CLANG_CXX_LIBRARY = "compiler-default";
				CODE_SIGN_IDENTITY = "iPhone Developer";
				"CODE_SIGN_IDENTITY[sdk=iphoneos*]" = "iPhone Developer";
				ENABLE_BITCODE = YES;
				GCC_NO_COMMON_BLOCKS = NO;
				GCC_PRECOMPILE_PREFIX_HEADER = YES;
				GCC_PREFIX_HEADER = PrefixHeader.pch;
				HEADER_SEARCH_PATHS = "$(inherited)";
				INFOPLIST_FILE = "serval-ios/Info.plist";
				LD_RUNPATH_SEARCH_PATHS = "$(inherited) @executable_path/Frameworks";
				OTHER_CFLAGS = (
					"-g",
					"-fstack-protector",
					"--param=ssp-buffer-size=4",
					"-DSQLITE_THREADSAFE=0",
					"-DSQLITE_OMIT_DATETIME_FUNCS",
					"-DSQLITE_OMIT_COMPILEOPTION_DIAGS",
					"-DSQLITE_OMIT_DEPRECATED",
					"-DSQLITE_OMIT_LOAD_EXTENSION",
					"-DSQLITE_OMIT_VIRTUALTABLE",
					"-DSQLITE_OMIT_AUTHORIZATION",
					"-fPIC",
					"-DSHA2_USE_INTTYPES_H",
					"-D_XOPEN_SOURCE=600",
					"-D_XOPEN_SOURCE_EXTENDED=1",
					"-D__EXTENSIONS__=1",
					"-D_DARWIN_C_SOURCE",
					"$(inherited)",
					"-D_GNU_SOURCE",
					"-pipe",
				);
				OTHER_LDFLAGS = "$(inherited)";
				PRODUCT_BUNDLE_IDENTIFIER = "de.jonashoechst.serval-ios";
				PRODUCT_NAME = "$(TARGET_NAME)";
				PROVISIONING_PROFILE = "";
				USER_HEADER_SEARCH_PATHS = "External/serval-dna/nacl/include External/serval-dna External/serval-dna/sqlite-amalgamation-3070900 External/serval-dna/nacl/src/** $(inherited)";
				USE_HEADERMAP = YES;
			};
			name = Debug;
		};
		47E1FCDB1BFD2B7700463F7F /* Release */ = {
			isa = XCBuildConfiguration;
			baseConfigurationReference = 9C566B699724C3ACC0D7457D /* Pods-serval-ios.release.xcconfig */;
			buildSettings = {
				ALWAYS_SEARCH_USER_PATHS = YES;
				ASSETCATALOG_COMPILER_APPICON_NAME = AppIcon;
				CLANG_CXX_LANGUAGE_STANDARD = "compiler-default";
				CLANG_CXX_LIBRARY = "compiler-default";
				CODE_SIGN_IDENTITY = "iPhone Developer";
				"CODE_SIGN_IDENTITY[sdk=iphoneos*]" = "iPhone Developer";
				ENABLE_BITCODE = YES;
				GCC_NO_COMMON_BLOCKS = NO;
				GCC_PRECOMPILE_PREFIX_HEADER = YES;
				GCC_PREFIX_HEADER = PrefixHeader.pch;
				HEADER_SEARCH_PATHS = "$(inherited)";
				INFOPLIST_FILE = "serval-ios/Info.plist";
				LD_RUNPATH_SEARCH_PATHS = "$(inherited) @executable_path/Frameworks";
				OTHER_CFLAGS = (
					"-g",
					"-fstack-protector",
					"--param=ssp-buffer-size=4",
					"-DSQLITE_THREADSAFE=0",
					"-DSQLITE_OMIT_DATETIME_FUNCS",
					"-DSQLITE_OMIT_COMPILEOPTION_DIAGS",
					"-DSQLITE_OMIT_DEPRECATED",
					"-DSQLITE_OMIT_LOAD_EXTENSION",
					"-DSQLITE_OMIT_VIRTUALTABLE",
					"-DSQLITE_OMIT_AUTHORIZATION",
					"-fPIC",
					"-DSHA2_USE_INTTYPES_H",
					"-D_XOPEN_SOURCE=600",
					"-D_XOPEN_SOURCE_EXTENDED=1",
					"-D__EXTENSIONS__=1",
					"-D_DARWIN_C_SOURCE",
					"$(inherited)",
					"-D_GNU_SOURCE",
					"-pipe",
				);
				OTHER_LDFLAGS = "$(inherited)";
				PRODUCT_BUNDLE_IDENTIFIER = "de.jonashoechst.serval-ios";
				PRODUCT_NAME = "$(TARGET_NAME)";
				PROVISIONING_PROFILE = "";
				USER_HEADER_SEARCH_PATHS = "External/serval-dna/nacl/include External/serval-dna External/serval-dna/sqlite-amalgamation-3070900 External/serval-dna/nacl/src/** $(inherited)";
				USE_HEADERMAP = YES;
			};
			name = Release;
		};
/* End XCBuildConfiguration section */

/* Begin XCConfigurationList section */
		47E1FCBD1BFD2B7700463F7F /* Build configuration list for PBXProject "serval-ios" */ = {
			isa = XCConfigurationList;
			buildConfigurations = (
				47E1FCD71BFD2B7700463F7F /* Debug */,
				47E1FCD81BFD2B7700463F7F /* Release */,
			);
			defaultConfigurationIsVisible = 0;
			defaultConfigurationName = Release;
		};
		47E1FCD91BFD2B7700463F7F /* Build configuration list for PBXNativeTarget "serval-ios" */ = {
			isa = XCConfigurationList;
			buildConfigurations = (
				47E1FCDA1BFD2B7700463F7F /* Debug */,
				47E1FCDB1BFD2B7700463F7F /* Release */,
			);
			defaultConfigurationIsVisible = 0;
			defaultConfigurationName = Release;
		};
/* End XCConfigurationList section */
	};
	rootObject = 47E1FCBA1BFD2B7700463F7F /* Project object */;
}
